
Microsoft Visual Studio Solution File, Format Version 12.00
# Visual Studio 14
VisualStudioVersion = 14.0.23107.0
MinimumVisualStudioVersion = 10.0.40219.1
Project("{2150E333-8FDC-42A3-9474-1A3956D46DE8}") = "01_HelloXamarin", "01_HelloXamarin", "{03EA51F2-AEFA-412D-89FE-683381EC9D13}"
EndProject
Project("{2150E333-8FDC-42A3-9474-1A3956D46DE8}") = "02_XamarinForms", "02_XamarinForms", "{98654A3D-1D04-4C21-95AC-3B6C9320C392}"
EndProject
Project("{2150E333-8FDC-42A3-9474-1A3956D46DE8}") = "03_Windows", "03_Windows", "{D970EA9F-0090-4B25-9C56-D675AEDE94AD}"
EndProject
Project("{FAE04EC0-301F-11D3-BF4B-00C04F79EFBC}") = "HelloXamarin.Droid", "01_HelloXamarin\MvvmLightBindings.Droid\HelloXamarin.Droid.csproj", "{64E9EE8A-B31D-49EB-96F4-6F8FD9154573}"
EndProject
Project("{FAE04EC0-301F-11D3-BF4B-00C04F79EFBC}") = "HelloXamarin.iOS", "01_HelloXamarin\XamarinIosMvvmLightBindings\HelloXamarin.iOS.csproj", "{F555D759-3A0B-4150-92F4-B4E00B359DC0}"
EndProject
Project("{FAE04EC0-301F-11D3-BF4B-00C04F79EFBC}") = "HelloXamarin.WinPhone", "01_HelloXamarin\HelloXamarin.WinPhone\HelloXamarin.WinPhone.csproj", "{2E58BF81-3ACD-4EDE-BE59-EEC355A3498B}"
EndProject
Project("{FAE04EC0-301F-11D3-BF4B-00C04F79EFBC}") = "HelloXamarin.Core", "01_HelloXamarin\HelloXamarin.Core\HelloXamarin.Core.csproj", "{A1930A52-63FB-4FDB-8ED8-0C6FB86F51B5}"
EndProject
Project("{FAE04EC0-301F-11D3-BF4B-00C04F79EFBC}") = "XamarinForms", "02_XamarinForms\XamarinForms\XamarinForms\XamarinForms.csproj", "{AC04D749-8B42-46EE-BF47-73CEAE1137FE}"
EndProject
Project("{FAE04EC0-301F-11D3-BF4B-00C04F79EFBC}") = "XamarinForms.iOS", "02_XamarinForms\XamarinForms\XamarinForms.iOS\XamarinForms.iOS.csproj", "{AE77FEDA-9210-48FC-AA3E-6746539394FA}"
EndProject
Project("{FAE04EC0-301F-11D3-BF4B-00C04F79EFBC}") = "XamarinForms.Droid", "02_XamarinForms\XamarinForms\XamarinForms.Droid\XamarinForms.Droid.csproj", "{4F7E2D2E-52E2-4744-9F67-5F328A3035F2}"
EndProject
Project("{FAE04EC0-301F-11D3-BF4B-00C04F79EFBC}") = "XamarinForms.WinPhone", "02_XamarinForms\XamarinForms\XamarinForms.WinPhone\XamarinForms.WinPhone.csproj", "{2591A81A-BC2D-4770-A69B-5C6E62C6B2EE}"
EndProject
Project("{FAE04EC0-301F-11D3-BF4B-00C04F79EFBC}") = "PclSample.Core", "03_Windows\PclSample.Core\PclSample.Core.csproj", "{ACBC3FE1-18E5-4523-880E-F91EC86A5739}"
EndProject
Project("{FAE04EC0-301F-11D3-BF4B-00C04F79EFBC}") = "PclSample.Droid", "03_Windows\PclSample.Droid\PclSample.Droid.csproj", "{116B3ECD-ACCD-4B85-A576-47BEEE6DE6A3}"
EndProject
Project("{FAE04EC0-301F-11D3-BF4B-00C04F79EFBC}") = "PclSample.iOS", "03_Windows\PclSample.iOS\PclSample.iOS.csproj", "{0D156920-1DF5-4B2B-9A01-322FF1C58323}"
EndProject
Project("{FAE04EC0-301F-11D3-BF4B-00C04F79EFBC}") = "PclSample.UWA", "03_Windows\PclSample.UWA\PclSample.UWA.csproj", "{FE56AD1A-E837-495C-889D-1F37C6E63A5B}"
EndProject
Project("{FAE04EC0-301F-11D3-BF4B-00C04F79EFBC}") = "PclSample.WPF", "03_Windows\PclSample.WPF\PclSample.WPF.csproj", "{192C4916-680A-49CA-930F-D363C5A00DEB}"
EndProject
Global
	GlobalSection(SolutionConfigurationPlatforms) = preSolution
		Ad-Hoc|Any CPU = Ad-Hoc|Any CPU
		Ad-Hoc|ARM = Ad-Hoc|ARM
		Ad-Hoc|iPhone = Ad-Hoc|iPhone
		Ad-Hoc|iPhoneSimulator = Ad-Hoc|iPhoneSimulator
		Ad-Hoc|x64 = Ad-Hoc|x64
		Ad-Hoc|x86 = Ad-Hoc|x86
		AppStore|Any CPU = AppStore|Any CPU
		AppStore|ARM = AppStore|ARM
		AppStore|iPhone = AppStore|iPhone
		AppStore|iPhoneSimulator = AppStore|iPhoneSimulator
		AppStore|x64 = AppStore|x64
		AppStore|x86 = AppStore|x86
		Debug|Any CPU = Debug|Any CPU
		Debug|ARM = Debug|ARM
		Debug|iPhone = Debug|iPhone
		Debug|iPhoneSimulator = Debug|iPhoneSimulator
		Debug|x64 = Debug|x64
		Debug|x86 = Debug|x86
		Release|Any CPU = Release|Any CPU
		Release|ARM = Release|ARM
		Release|iPhone = Release|iPhone
		Release|iPhoneSimulator = Release|iPhoneSimulator
		Release|x64 = Release|x64
		Release|x86 = Release|x86
	EndGlobalSection
	GlobalSection(ProjectConfigurationPlatforms) = postSolution
		{64E9EE8A-B31D-49EB-96F4-6F8FD9154573}.Ad-Hoc|Any CPU.ActiveCfg = Release|Any CPU
		{64E9EE8A-B31D-49EB-96F4-6F8FD9154573}.Ad-Hoc|Any CPU.Build.0 = Release|Any CPU
		{64E9EE8A-B31D-49EB-96F4-6F8FD9154573}.Ad-Hoc|Any CPU.Deploy.0 = Release|Any CPU
		{64E9EE8A-B31D-49EB-96F4-6F8FD9154573}.Ad-Hoc|ARM.ActiveCfg = Release|Any CPU
		{64E9EE8A-B31D-49EB-96F4-6F8FD9154573}.Ad-Hoc|ARM.Build.0 = Release|Any CPU
		{64E9EE8A-B31D-49EB-96F4-6F8FD9154573}.Ad-Hoc|ARM.Deploy.0 = Release|Any CPU
		{64E9EE8A-B31D-49EB-96F4-6F8FD9154573}.Ad-Hoc|iPhone.ActiveCfg = Release|Any CPU
		{64E9EE8A-B31D-49EB-96F4-6F8FD9154573}.Ad-Hoc|iPhone.Build.0 = Release|Any CPU
		{64E9EE8A-B31D-49EB-96F4-6F8FD9154573}.Ad-Hoc|iPhone.Deploy.0 = Release|Any CPU
		{64E9EE8A-B31D-49EB-96F4-6F8FD9154573}.Ad-Hoc|iPhoneSimulator.ActiveCfg = Release|Any CPU
		{64E9EE8A-B31D-49EB-96F4-6F8FD9154573}.Ad-Hoc|iPhoneSimulator.Build.0 = Release|Any CPU
		{64E9EE8A-B31D-49EB-96F4-6F8FD9154573}.Ad-Hoc|iPhoneSimulator.Deploy.0 = Release|Any CPU
		{64E9EE8A-B31D-49EB-96F4-6F8FD9154573}.Ad-Hoc|x64.ActiveCfg = Release|Any CPU
		{64E9EE8A-B31D-49EB-96F4-6F8FD9154573}.Ad-Hoc|x64.Build.0 = Release|Any CPU
		{64E9EE8A-B31D-49EB-96F4-6F8FD9154573}.Ad-Hoc|x64.Deploy.0 = Release|Any CPU
		{64E9EE8A-B31D-49EB-96F4-6F8FD9154573}.Ad-Hoc|x86.ActiveCfg = Release|Any CPU
		{64E9EE8A-B31D-49EB-96F4-6F8FD9154573}.Ad-Hoc|x86.Build.0 = Release|Any CPU
		{64E9EE8A-B31D-49EB-96F4-6F8FD9154573}.Ad-Hoc|x86.Deploy.0 = Release|Any CPU
		{64E9EE8A-B31D-49EB-96F4-6F8FD9154573}.AppStore|Any CPU.ActiveCfg = Release|Any CPU
		{64E9EE8A-B31D-49EB-96F4-6F8FD9154573}.AppStore|Any CPU.Build.0 = Release|Any CPU
		{64E9EE8A-B31D-49EB-96F4-6F8FD9154573}.AppStore|Any CPU.Deploy.0 = Release|Any CPU
		{64E9EE8A-B31D-49EB-96F4-6F8FD9154573}.AppStore|ARM.ActiveCfg = Release|Any CPU
		{64E9EE8A-B31D-49EB-96F4-6F8FD9154573}.AppStore|ARM.Build.0 = Release|Any CPU
		{64E9EE8A-B31D-49EB-96F4-6F8FD9154573}.AppStore|ARM.Deploy.0 = Release|Any CPU
		{64E9EE8A-B31D-49EB-96F4-6F8FD9154573}.AppStore|iPhone.ActiveCfg = Release|Any CPU
		{64E9EE8A-B31D-49EB-96F4-6F8FD9154573}.AppStore|iPhone.Build.0 = Release|Any CPU
		{64E9EE8A-B31D-49EB-96F4-6F8FD9154573}.AppStore|iPhone.Deploy.0 = Release|Any CPU
		{64E9EE8A-B31D-49EB-96F4-6F8FD9154573}.AppStore|iPhoneSimulator.ActiveCfg = Release|Any CPU
		{64E9EE8A-B31D-49EB-96F4-6F8FD9154573}.AppStore|iPhoneSimulator.Build.0 = Release|Any CPU
		{64E9EE8A-B31D-49EB-96F4-6F8FD9154573}.AppStore|iPhoneSimulator.Deploy.0 = Release|Any CPU
		{64E9EE8A-B31D-49EB-96F4-6F8FD9154573}.AppStore|x64.ActiveCfg = Release|Any CPU
		{64E9EE8A-B31D-49EB-96F4-6F8FD9154573}.AppStore|x64.Build.0 = Release|Any CPU
		{64E9EE8A-B31D-49EB-96F4-6F8FD9154573}.AppStore|x64.Deploy.0 = Release|Any CPU
		{64E9EE8A-B31D-49EB-96F4-6F8FD9154573}.AppStore|x86.ActiveCfg = Release|Any CPU
		{64E9EE8A-B31D-49EB-96F4-6F8FD9154573}.AppStore|x86.Build.0 = Release|Any CPU
		{64E9EE8A-B31D-49EB-96F4-6F8FD9154573}.AppStore|x86.Deploy.0 = Release|Any CPU
		{64E9EE8A-B31D-49EB-96F4-6F8FD9154573}.Debug|Any CPU.ActiveCfg = Debug|Any CPU
		{64E9EE8A-B31D-49EB-96F4-6F8FD9154573}.Debug|Any CPU.Build.0 = Debug|Any CPU
		{64E9EE8A-B31D-49EB-96F4-6F8FD9154573}.Debug|Any CPU.Deploy.0 = Debug|Any CPU
		{64E9EE8A-B31D-49EB-96F4-6F8FD9154573}.Debug|ARM.ActiveCfg = Debug|Any CPU
		{64E9EE8A-B31D-49EB-96F4-6F8FD9154573}.Debug|ARM.Build.0 = Debug|Any CPU
		{64E9EE8A-B31D-49EB-96F4-6F8FD9154573}.Debug|ARM.Deploy.0 = Debug|Any CPU
		{64E9EE8A-B31D-49EB-96F4-6F8FD9154573}.Debug|iPhone.ActiveCfg = Debug|Any CPU
		{64E9EE8A-B31D-49EB-96F4-6F8FD9154573}.Debug|iPhone.Build.0 = Debug|Any CPU
		{64E9EE8A-B31D-49EB-96F4-6F8FD9154573}.Debug|iPhone.Deploy.0 = Debug|Any CPU
		{64E9EE8A-B31D-49EB-96F4-6F8FD9154573}.Debug|iPhoneSimulator.ActiveCfg = Debug|Any CPU
		{64E9EE8A-B31D-49EB-96F4-6F8FD9154573}.Debug|iPhoneSimulator.Build.0 = Debug|Any CPU
		{64E9EE8A-B31D-49EB-96F4-6F8FD9154573}.Debug|iPhoneSimulator.Deploy.0 = Debug|Any CPU
		{64E9EE8A-B31D-49EB-96F4-6F8FD9154573}.Debug|x64.ActiveCfg = Debug|Any CPU
		{64E9EE8A-B31D-49EB-96F4-6F8FD9154573}.Debug|x64.Build.0 = Debug|Any CPU
		{64E9EE8A-B31D-49EB-96F4-6F8FD9154573}.Debug|x64.Deploy.0 = Debug|Any CPU
		{64E9EE8A-B31D-49EB-96F4-6F8FD9154573}.Debug|x86.ActiveCfg = Debug|Any CPU
		{64E9EE8A-B31D-49EB-96F4-6F8FD9154573}.Debug|x86.Build.0 = Debug|Any CPU
		{64E9EE8A-B31D-49EB-96F4-6F8FD9154573}.Debug|x86.Deploy.0 = Debug|Any CPU
		{64E9EE8A-B31D-49EB-96F4-6F8FD9154573}.Release|Any CPU.ActiveCfg = Release|Any CPU
		{64E9EE8A-B31D-49EB-96F4-6F8FD9154573}.Release|Any CPU.Build.0 = Release|Any CPU
		{64E9EE8A-B31D-49EB-96F4-6F8FD9154573}.Release|Any CPU.Deploy.0 = Release|Any CPU
		{64E9EE8A-B31D-49EB-96F4-6F8FD9154573}.Release|ARM.ActiveCfg = Release|Any CPU
		{64E9EE8A-B31D-49EB-96F4-6F8FD9154573}.Release|ARM.Build.0 = Release|Any CPU
		{64E9EE8A-B31D-49EB-96F4-6F8FD9154573}.Release|ARM.Deploy.0 = Release|Any CPU
		{64E9EE8A-B31D-49EB-96F4-6F8FD9154573}.Release|iPhone.ActiveCfg = Release|Any CPU
		{64E9EE8A-B31D-49EB-96F4-6F8FD9154573}.Release|iPhone.Build.0 = Release|Any CPU
		{64E9EE8A-B31D-49EB-96F4-6F8FD9154573}.Release|iPhone.Deploy.0 = Release|Any CPU
		{64E9EE8A-B31D-49EB-96F4-6F8FD9154573}.Release|iPhoneSimulator.ActiveCfg = Release|Any CPU
		{64E9EE8A-B31D-49EB-96F4-6F8FD9154573}.Release|iPhoneSimulator.Build.0 = Release|Any CPU
		{64E9EE8A-B31D-49EB-96F4-6F8FD9154573}.Release|iPhoneSimulator.Deploy.0 = Release|Any CPU
		{64E9EE8A-B31D-49EB-96F4-6F8FD9154573}.Release|x64.ActiveCfg = Release|Any CPU
		{64E9EE8A-B31D-49EB-96F4-6F8FD9154573}.Release|x64.Build.0 = Release|Any CPU
		{64E9EE8A-B31D-49EB-96F4-6F8FD9154573}.Release|x64.Deploy.0 = Release|Any CPU
		{64E9EE8A-B31D-49EB-96F4-6F8FD9154573}.Release|x86.ActiveCfg = Release|Any CPU
		{64E9EE8A-B31D-49EB-96F4-6F8FD9154573}.Release|x86.Build.0 = Release|Any CPU
		{64E9EE8A-B31D-49EB-96F4-6F8FD9154573}.Release|x86.Deploy.0 = Release|Any CPU
		{F555D759-3A0B-4150-92F4-B4E00B359DC0}.Ad-Hoc|Any CPU.ActiveCfg = Release|iPhone
		{F555D759-3A0B-4150-92F4-B4E00B359DC0}.Ad-Hoc|Any CPU.Build.0 = Release|iPhone
		{F555D759-3A0B-4150-92F4-B4E00B359DC0}.Ad-Hoc|ARM.ActiveCfg = Release|iPhone
		{F555D759-3A0B-4150-92F4-B4E00B359DC0}.Ad-Hoc|ARM.Build.0 = Release|iPhone
		{F555D759-3A0B-4150-92F4-B4E00B359DC0}.Ad-Hoc|iPhone.ActiveCfg = Release|iPhone
		{F555D759-3A0B-4150-92F4-B4E00B359DC0}.Ad-Hoc|iPhone.Build.0 = Release|iPhone
		{F555D759-3A0B-4150-92F4-B4E00B359DC0}.Ad-Hoc|iPhoneSimulator.ActiveCfg = Release|iPhoneSimulator
		{F555D759-3A0B-4150-92F4-B4E00B359DC0}.Ad-Hoc|iPhoneSimulator.Build.0 = Release|iPhoneSimulator
		{F555D759-3A0B-4150-92F4-B4E00B359DC0}.Ad-Hoc|x64.ActiveCfg = Release|iPhone
		{F555D759-3A0B-4150-92F4-B4E00B359DC0}.Ad-Hoc|x64.Build.0 = Release|iPhone
		{F555D759-3A0B-4150-92F4-B4E00B359DC0}.Ad-Hoc|x86.ActiveCfg = Release|iPhone
		{F555D759-3A0B-4150-92F4-B4E00B359DC0}.Ad-Hoc|x86.Build.0 = Release|iPhone
		{F555D759-3A0B-4150-92F4-B4E00B359DC0}.AppStore|Any CPU.ActiveCfg = Release|iPhone
		{F555D759-3A0B-4150-92F4-B4E00B359DC0}.AppStore|Any CPU.Build.0 = Release|iPhone
		{F555D759-3A0B-4150-92F4-B4E00B359DC0}.AppStore|ARM.ActiveCfg = Release|iPhone
		{F555D759-3A0B-4150-92F4-B4E00B359DC0}.AppStore|ARM.Build.0 = Release|iPhone
		{F555D759-3A0B-4150-92F4-B4E00B359DC0}.AppStore|iPhone.ActiveCfg = Release|iPhone
		{F555D759-3A0B-4150-92F4-B4E00B359DC0}.AppStore|iPhone.Build.0 = Release|iPhone
		{F555D759-3A0B-4150-92F4-B4E00B359DC0}.AppStore|iPhoneSimulator.ActiveCfg = Release|iPhoneSimulator
		{F555D759-3A0B-4150-92F4-B4E00B359DC0}.AppStore|iPhoneSimulator.Build.0 = Release|iPhoneSimulator
		{F555D759-3A0B-4150-92F4-B4E00B359DC0}.AppStore|x64.ActiveCfg = Release|iPhone
		{F555D759-3A0B-4150-92F4-B4E00B359DC0}.AppStore|x64.Build.0 = Release|iPhone
		{F555D759-3A0B-4150-92F4-B4E00B359DC0}.AppStore|x86.ActiveCfg = Release|iPhone
		{F555D759-3A0B-4150-92F4-B4E00B359DC0}.AppStore|x86.Build.0 = Release|iPhone
		{F555D759-3A0B-4150-92F4-B4E00B359DC0}.Debug|Any CPU.ActiveCfg = Debug|iPhone
		{F555D759-3A0B-4150-92F4-B4E00B359DC0}.Debug|ARM.ActiveCfg = Debug|iPhone
		{F555D759-3A0B-4150-92F4-B4E00B359DC0}.Debug|iPhone.ActiveCfg = Debug|iPhone
		{F555D759-3A0B-4150-92F4-B4E00B359DC0}.Debug|iPhone.Build.0 = Debug|iPhone
		{F555D759-3A0B-4150-92F4-B4E00B359DC0}.Debug|iPhoneSimulator.ActiveCfg = Debug|iPhoneSimulator
		{F555D759-3A0B-4150-92F4-B4E00B359DC0}.Debug|iPhoneSimulator.Build.0 = Debug|iPhoneSimulator
		{F555D759-3A0B-4150-92F4-B4E00B359DC0}.Debug|x64.ActiveCfg = Debug|iPhone
		{F555D759-3A0B-4150-92F4-B4E00B359DC0}.Debug|x86.ActiveCfg = Debug|iPhone
		{F555D759-3A0B-4150-92F4-B4E00B359DC0}.Release|Any CPU.ActiveCfg = Release|iPhone
		{F555D759-3A0B-4150-92F4-B4E00B359DC0}.Release|ARM.ActiveCfg = Release|iPhone
		{F555D759-3A0B-4150-92F4-B4E00B359DC0}.Release|iPhone.ActiveCfg = Release|iPhone
		{F555D759-3A0B-4150-92F4-B4E00B359DC0}.Release|iPhone.Build.0 = Release|iPhone
		{F555D759-3A0B-4150-92F4-B4E00B359DC0}.Release|iPhoneSimulator.ActiveCfg = Release|iPhoneSimulator
		{F555D759-3A0B-4150-92F4-B4E00B359DC0}.Release|iPhoneSimulator.Build.0 = Release|iPhoneSimulator
		{F555D759-3A0B-4150-92F4-B4E00B359DC0}.Release|x64.ActiveCfg = Release|iPhone
		{F555D759-3A0B-4150-92F4-B4E00B359DC0}.Release|x86.ActiveCfg = Release|iPhone
		{2E58BF81-3ACD-4EDE-BE59-EEC355A3498B}.Ad-Hoc|Any CPU.ActiveCfg = Release|Any CPU
		{2E58BF81-3ACD-4EDE-BE59-EEC355A3498B}.Ad-Hoc|Any CPU.Build.0 = Release|Any CPU
		{2E58BF81-3ACD-4EDE-BE59-EEC355A3498B}.Ad-Hoc|Any CPU.Deploy.0 = Release|Any CPU
		{2E58BF81-3ACD-4EDE-BE59-EEC355A3498B}.Ad-Hoc|ARM.ActiveCfg = Release|ARM
		{2E58BF81-3ACD-4EDE-BE59-EEC355A3498B}.Ad-Hoc|ARM.Build.0 = Release|ARM
		{2E58BF81-3ACD-4EDE-BE59-EEC355A3498B}.Ad-Hoc|ARM.Deploy.0 = Release|ARM
		{2E58BF81-3ACD-4EDE-BE59-EEC355A3498B}.Ad-Hoc|iPhone.ActiveCfg = Release|Any CPU
		{2E58BF81-3ACD-4EDE-BE59-EEC355A3498B}.Ad-Hoc|iPhone.Build.0 = Release|Any CPU
		{2E58BF81-3ACD-4EDE-BE59-EEC355A3498B}.Ad-Hoc|iPhone.Deploy.0 = Release|Any CPU
		{2E58BF81-3ACD-4EDE-BE59-EEC355A3498B}.Ad-Hoc|iPhoneSimulator.ActiveCfg = Release|Any CPU
		{2E58BF81-3ACD-4EDE-BE59-EEC355A3498B}.Ad-Hoc|iPhoneSimulator.Build.0 = Release|Any CPU
		{2E58BF81-3ACD-4EDE-BE59-EEC355A3498B}.Ad-Hoc|iPhoneSimulator.Deploy.0 = Release|Any CPU
		{2E58BF81-3ACD-4EDE-BE59-EEC355A3498B}.Ad-Hoc|x64.ActiveCfg = Release|Any CPU
		{2E58BF81-3ACD-4EDE-BE59-EEC355A3498B}.Ad-Hoc|x64.Build.0 = Release|Any CPU
		{2E58BF81-3ACD-4EDE-BE59-EEC355A3498B}.Ad-Hoc|x64.Deploy.0 = Release|Any CPU
		{2E58BF81-3ACD-4EDE-BE59-EEC355A3498B}.Ad-Hoc|x86.ActiveCfg = Release|x86
		{2E58BF81-3ACD-4EDE-BE59-EEC355A3498B}.Ad-Hoc|x86.Build.0 = Release|x86
		{2E58BF81-3ACD-4EDE-BE59-EEC355A3498B}.Ad-Hoc|x86.Deploy.0 = Release|x86
		{2E58BF81-3ACD-4EDE-BE59-EEC355A3498B}.AppStore|Any CPU.ActiveCfg = Release|Any CPU
		{2E58BF81-3ACD-4EDE-BE59-EEC355A3498B}.AppStore|Any CPU.Build.0 = Release|Any CPU
		{2E58BF81-3ACD-4EDE-BE59-EEC355A3498B}.AppStore|Any CPU.Deploy.0 = Release|Any CPU
		{2E58BF81-3ACD-4EDE-BE59-EEC355A3498B}.AppStore|ARM.ActiveCfg = Release|ARM
		{2E58BF81-3ACD-4EDE-BE59-EEC355A3498B}.AppStore|ARM.Build.0 = Release|ARM
		{2E58BF81-3ACD-4EDE-BE59-EEC355A3498B}.AppStore|ARM.Deploy.0 = Release|ARM
		{2E58BF81-3ACD-4EDE-BE59-EEC355A3498B}.AppStore|iPhone.ActiveCfg = Release|Any CPU
		{2E58BF81-3ACD-4EDE-BE59-EEC355A3498B}.AppStore|iPhone.Build.0 = Release|Any CPU
		{2E58BF81-3ACD-4EDE-BE59-EEC355A3498B}.AppStore|iPhone.Deploy.0 = Release|Any CPU
		{2E58BF81-3ACD-4EDE-BE59-EEC355A3498B}.AppStore|iPhoneSimulator.ActiveCfg = Release|Any CPU
		{2E58BF81-3ACD-4EDE-BE59-EEC355A3498B}.AppStore|iPhoneSimulator.Build.0 = Release|Any CPU
		{2E58BF81-3ACD-4EDE-BE59-EEC355A3498B}.AppStore|iPhoneSimulator.Deploy.0 = Release|Any CPU
		{2E58BF81-3ACD-4EDE-BE59-EEC355A3498B}.AppStore|x64.ActiveCfg = Release|Any CPU
		{2E58BF81-3ACD-4EDE-BE59-EEC355A3498B}.AppStore|x64.Build.0 = Release|Any CPU
		{2E58BF81-3ACD-4EDE-BE59-EEC355A3498B}.AppStore|x64.Deploy.0 = Release|Any CPU
		{2E58BF81-3ACD-4EDE-BE59-EEC355A3498B}.AppStore|x86.ActiveCfg = Release|x86
		{2E58BF81-3ACD-4EDE-BE59-EEC355A3498B}.AppStore|x86.Build.0 = Release|x86
		{2E58BF81-3ACD-4EDE-BE59-EEC355A3498B}.AppStore|x86.Deploy.0 = Release|x86
		{2E58BF81-3ACD-4EDE-BE59-EEC355A3498B}.Debug|Any CPU.ActiveCfg = Debug|Any CPU
		{2E58BF81-3ACD-4EDE-BE59-EEC355A3498B}.Debug|Any CPU.Build.0 = Debug|Any CPU
		{2E58BF81-3ACD-4EDE-BE59-EEC355A3498B}.Debug|Any CPU.Deploy.0 = Debug|Any CPU
		{2E58BF81-3ACD-4EDE-BE59-EEC355A3498B}.Debug|ARM.ActiveCfg = Debug|ARM
		{2E58BF81-3ACD-4EDE-BE59-EEC355A3498B}.Debug|ARM.Build.0 = Debug|ARM
		{2E58BF81-3ACD-4EDE-BE59-EEC355A3498B}.Debug|ARM.Deploy.0 = Debug|ARM
		{2E58BF81-3ACD-4EDE-BE59-EEC355A3498B}.Debug|iPhone.ActiveCfg = Debug|Any CPU
		{2E58BF81-3ACD-4EDE-BE59-EEC355A3498B}.Debug|iPhone.Build.0 = Debug|Any CPU
		{2E58BF81-3ACD-4EDE-BE59-EEC355A3498B}.Debug|iPhone.Deploy.0 = Debug|Any CPU
		{2E58BF81-3ACD-4EDE-BE59-EEC355A3498B}.Debug|iPhoneSimulator.ActiveCfg = Debug|Any CPU
		{2E58BF81-3ACD-4EDE-BE59-EEC355A3498B}.Debug|iPhoneSimulator.Build.0 = Debug|Any CPU
		{2E58BF81-3ACD-4EDE-BE59-EEC355A3498B}.Debug|iPhoneSimulator.Deploy.0 = Debug|Any CPU
		{2E58BF81-3ACD-4EDE-BE59-EEC355A3498B}.Debug|x64.ActiveCfg = Debug|Any CPU
		{2E58BF81-3ACD-4EDE-BE59-EEC355A3498B}.Debug|x64.Build.0 = Debug|Any CPU
		{2E58BF81-3ACD-4EDE-BE59-EEC355A3498B}.Debug|x64.Deploy.0 = Debug|Any CPU
		{2E58BF81-3ACD-4EDE-BE59-EEC355A3498B}.Debug|x86.ActiveCfg = Debug|x86
		{2E58BF81-3ACD-4EDE-BE59-EEC355A3498B}.Debug|x86.Build.0 = Debug|x86
		{2E58BF81-3ACD-4EDE-BE59-EEC355A3498B}.Debug|x86.Deploy.0 = Debug|x86
		{2E58BF81-3ACD-4EDE-BE59-EEC355A3498B}.Release|Any CPU.ActiveCfg = Release|Any CPU
		{2E58BF81-3ACD-4EDE-BE59-EEC355A3498B}.Release|Any CPU.Build.0 = Release|Any CPU
		{2E58BF81-3ACD-4EDE-BE59-EEC355A3498B}.Release|Any CPU.Deploy.0 = Release|Any CPU
		{2E58BF81-3ACD-4EDE-BE59-EEC355A3498B}.Release|ARM.ActiveCfg = Release|ARM
		{2E58BF81-3ACD-4EDE-BE59-EEC355A3498B}.Release|ARM.Build.0 = Release|ARM
		{2E58BF81-3ACD-4EDE-BE59-EEC355A3498B}.Release|ARM.Deploy.0 = Release|ARM
		{2E58BF81-3ACD-4EDE-BE59-EEC355A3498B}.Release|iPhone.ActiveCfg = Release|Any CPU
		{2E58BF81-3ACD-4EDE-BE59-EEC355A3498B}.Release|iPhone.Build.0 = Release|Any CPU
		{2E58BF81-3ACD-4EDE-BE59-EEC355A3498B}.Release|iPhone.Deploy.0 = Release|Any CPU
		{2E58BF81-3ACD-4EDE-BE59-EEC355A3498B}.Release|iPhoneSimulator.ActiveCfg = Release|Any CPU
		{2E58BF81-3ACD-4EDE-BE59-EEC355A3498B}.Release|iPhoneSimulator.Build.0 = Release|Any CPU
		{2E58BF81-3ACD-4EDE-BE59-EEC355A3498B}.Release|iPhoneSimulator.Deploy.0 = Release|Any CPU
		{2E58BF81-3ACD-4EDE-BE59-EEC355A3498B}.Release|x64.ActiveCfg = Release|Any CPU
		{2E58BF81-3ACD-4EDE-BE59-EEC355A3498B}.Release|x64.Build.0 = Release|Any CPU
		{2E58BF81-3ACD-4EDE-BE59-EEC355A3498B}.Release|x64.Deploy.0 = Release|Any CPU
		{2E58BF81-3ACD-4EDE-BE59-EEC355A3498B}.Release|x86.ActiveCfg = Release|x86
		{2E58BF81-3ACD-4EDE-BE59-EEC355A3498B}.Release|x86.Build.0 = Release|x86
		{2E58BF81-3ACD-4EDE-BE59-EEC355A3498B}.Release|x86.Deploy.0 = Release|x86
		{A1930A52-63FB-4FDB-8ED8-0C6FB86F51B5}.Ad-Hoc|Any CPU.ActiveCfg = Release|Any CPU
		{A1930A52-63FB-4FDB-8ED8-0C6FB86F51B5}.Ad-Hoc|Any CPU.Build.0 = Release|Any CPU
		{A1930A52-63FB-4FDB-8ED8-0C6FB86F51B5}.Ad-Hoc|ARM.ActiveCfg = Release|Any CPU
		{A1930A52-63FB-4FDB-8ED8-0C6FB86F51B5}.Ad-Hoc|ARM.Build.0 = Release|Any CPU
		{A1930A52-63FB-4FDB-8ED8-0C6FB86F51B5}.Ad-Hoc|iPhone.ActiveCfg = Release|Any CPU
		{A1930A52-63FB-4FDB-8ED8-0C6FB86F51B5}.Ad-Hoc|iPhone.Build.0 = Release|Any CPU
		{A1930A52-63FB-4FDB-8ED8-0C6FB86F51B5}.Ad-Hoc|iPhoneSimulator.ActiveCfg = Release|Any CPU
		{A1930A52-63FB-4FDB-8ED8-0C6FB86F51B5}.Ad-Hoc|iPhoneSimulator.Build.0 = Release|Any CPU
		{A1930A52-63FB-4FDB-8ED8-0C6FB86F51B5}.Ad-Hoc|x64.ActiveCfg = Release|Any CPU
		{A1930A52-63FB-4FDB-8ED8-0C6FB86F51B5}.Ad-Hoc|x64.Build.0 = Release|Any CPU
		{A1930A52-63FB-4FDB-8ED8-0C6FB86F51B5}.Ad-Hoc|x86.ActiveCfg = Release|Any CPU
		{A1930A52-63FB-4FDB-8ED8-0C6FB86F51B5}.Ad-Hoc|x86.Build.0 = Release|Any CPU
		{A1930A52-63FB-4FDB-8ED8-0C6FB86F51B5}.AppStore|Any CPU.ActiveCfg = Release|Any CPU
		{A1930A52-63FB-4FDB-8ED8-0C6FB86F51B5}.AppStore|Any CPU.Build.0 = Release|Any CPU
		{A1930A52-63FB-4FDB-8ED8-0C6FB86F51B5}.AppStore|ARM.ActiveCfg = Release|Any CPU
		{A1930A52-63FB-4FDB-8ED8-0C6FB86F51B5}.AppStore|ARM.Build.0 = Release|Any CPU
		{A1930A52-63FB-4FDB-8ED8-0C6FB86F51B5}.AppStore|iPhone.ActiveCfg = Release|Any CPU
		{A1930A52-63FB-4FDB-8ED8-0C6FB86F51B5}.AppStore|iPhone.Build.0 = Release|Any CPU
		{A1930A52-63FB-4FDB-8ED8-0C6FB86F51B5}.AppStore|iPhoneSimulator.ActiveCfg = Release|Any CPU
		{A1930A52-63FB-4FDB-8ED8-0C6FB86F51B5}.AppStore|iPhoneSimulator.Build.0 = Release|Any CPU
		{A1930A52-63FB-4FDB-8ED8-0C6FB86F51B5}.AppStore|x64.ActiveCfg = Release|Any CPU
		{A1930A52-63FB-4FDB-8ED8-0C6FB86F51B5}.AppStore|x64.Build.0 = Release|Any CPU
		{A1930A52-63FB-4FDB-8ED8-0C6FB86F51B5}.AppStore|x86.ActiveCfg = Release|Any CPU
		{A1930A52-63FB-4FDB-8ED8-0C6FB86F51B5}.AppStore|x86.Build.0 = Release|Any CPU
		{A1930A52-63FB-4FDB-8ED8-0C6FB86F51B5}.Debug|Any CPU.ActiveCfg = Debug|Any CPU
		{A1930A52-63FB-4FDB-8ED8-0C6FB86F51B5}.Debug|Any CPU.Build.0 = Debug|Any CPU
		{A1930A52-63FB-4FDB-8ED8-0C6FB86F51B5}.Debug|ARM.ActiveCfg = Debug|Any CPU
		{A1930A52-63FB-4FDB-8ED8-0C6FB86F51B5}.Debug|ARM.Build.0 = Debug|Any CPU
		{A1930A52-63FB-4FDB-8ED8-0C6FB86F51B5}.Debug|iPhone.ActiveCfg = Debug|Any CPU
		{A1930A52-63FB-4FDB-8ED8-0C6FB86F51B5}.Debug|iPhone.Build.0 = Debug|Any CPU
		{A1930A52-63FB-4FDB-8ED8-0C6FB86F51B5}.Debug|iPhoneSimulator.ActiveCfg = Debug|Any CPU
		{A1930A52-63FB-4FDB-8ED8-0C6FB86F51B5}.Debug|iPhoneSimulator.Build.0 = Debug|Any CPU
		{A1930A52-63FB-4FDB-8ED8-0C6FB86F51B5}.Debug|x64.ActiveCfg = Debug|Any CPU
		{A1930A52-63FB-4FDB-8ED8-0C6FB86F51B5}.Debug|x64.Build.0 = Debug|Any CPU
		{A1930A52-63FB-4FDB-8ED8-0C6FB86F51B5}.Debug|x86.ActiveCfg = Debug|Any CPU
		{A1930A52-63FB-4FDB-8ED8-0C6FB86F51B5}.Debug|x86.Build.0 = Debug|Any CPU
		{A1930A52-63FB-4FDB-8ED8-0C6FB86F51B5}.Release|Any CPU.ActiveCfg = Release|Any CPU
		{A1930A52-63FB-4FDB-8ED8-0C6FB86F51B5}.Release|Any CPU.Build.0 = Release|Any CPU
		{A1930A52-63FB-4FDB-8ED8-0C6FB86F51B5}.Release|ARM.ActiveCfg = Release|Any CPU
		{A1930A52-63FB-4FDB-8ED8-0C6FB86F51B5}.Release|ARM.Build.0 = Release|Any CPU
		{A1930A52-63FB-4FDB-8ED8-0C6FB86F51B5}.Release|iPhone.ActiveCfg = Release|Any CPU
		{A1930A52-63FB-4FDB-8ED8-0C6FB86F51B5}.Release|iPhone.Build.0 = Release|Any CPU
		{A1930A52-63FB-4FDB-8ED8-0C6FB86F51B5}.Release|iPhoneSimulator.ActiveCfg = Release|Any CPU
		{A1930A52-63FB-4FDB-8ED8-0C6FB86F51B5}.Release|iPhoneSimulator.Build.0 = Release|Any CPU
		{A1930A52-63FB-4FDB-8ED8-0C6FB86F51B5}.Release|x64.ActiveCfg = Release|Any CPU
		{A1930A52-63FB-4FDB-8ED8-0C6FB86F51B5}.Release|x64.Build.0 = Release|Any CPU
		{A1930A52-63FB-4FDB-8ED8-0C6FB86F51B5}.Release|x86.ActiveCfg = Release|Any CPU
		{A1930A52-63FB-4FDB-8ED8-0C6FB86F51B5}.Release|x86.Build.0 = Release|Any CPU
		{AC04D749-8B42-46EE-BF47-73CEAE1137FE}.Ad-Hoc|Any CPU.ActiveCfg = Release|Any CPU
		{AC04D749-8B42-46EE-BF47-73CEAE1137FE}.Ad-Hoc|Any CPU.Build.0 = Release|Any CPU
		{AC04D749-8B42-46EE-BF47-73CEAE1137FE}.Ad-Hoc|ARM.ActiveCfg = Release|Any CPU
		{AC04D749-8B42-46EE-BF47-73CEAE1137FE}.Ad-Hoc|ARM.Build.0 = Release|Any CPU
		{AC04D749-8B42-46EE-BF47-73CEAE1137FE}.Ad-Hoc|iPhone.ActiveCfg = Release|Any CPU
		{AC04D749-8B42-46EE-BF47-73CEAE1137FE}.Ad-Hoc|iPhone.Build.0 = Release|Any CPU
		{AC04D749-8B42-46EE-BF47-73CEAE1137FE}.Ad-Hoc|iPhoneSimulator.ActiveCfg = Release|Any CPU
		{AC04D749-8B42-46EE-BF47-73CEAE1137FE}.Ad-Hoc|iPhoneSimulator.Build.0 = Release|Any CPU
		{AC04D749-8B42-46EE-BF47-73CEAE1137FE}.Ad-Hoc|x64.ActiveCfg = Release|Any CPU
		{AC04D749-8B42-46EE-BF47-73CEAE1137FE}.Ad-Hoc|x64.Build.0 = Release|Any CPU
		{AC04D749-8B42-46EE-BF47-73CEAE1137FE}.Ad-Hoc|x86.ActiveCfg = Release|Any CPU
		{AC04D749-8B42-46EE-BF47-73CEAE1137FE}.Ad-Hoc|x86.Build.0 = Release|Any CPU
		{AC04D749-8B42-46EE-BF47-73CEAE1137FE}.AppStore|Any CPU.ActiveCfg = Release|Any CPU
		{AC04D749-8B42-46EE-BF47-73CEAE1137FE}.AppStore|Any CPU.Build.0 = Release|Any CPU
		{AC04D749-8B42-46EE-BF47-73CEAE1137FE}.AppStore|ARM.ActiveCfg = Release|Any CPU
		{AC04D749-8B42-46EE-BF47-73CEAE1137FE}.AppStore|ARM.Build.0 = Release|Any CPU
		{AC04D749-8B42-46EE-BF47-73CEAE1137FE}.AppStore|iPhone.ActiveCfg = Release|Any CPU
		{AC04D749-8B42-46EE-BF47-73CEAE1137FE}.AppStore|iPhone.Build.0 = Release|Any CPU
		{AC04D749-8B42-46EE-BF47-73CEAE1137FE}.AppStore|iPhoneSimulator.ActiveCfg = Release|Any CPU
		{AC04D749-8B42-46EE-BF47-73CEAE1137FE}.AppStore|iPhoneSimulator.Build.0 = Release|Any CPU
		{AC04D749-8B42-46EE-BF47-73CEAE1137FE}.AppStore|x64.ActiveCfg = Release|Any CPU
		{AC04D749-8B42-46EE-BF47-73CEAE1137FE}.AppStore|x64.Build.0 = Release|Any CPU
		{AC04D749-8B42-46EE-BF47-73CEAE1137FE}.AppStore|x86.ActiveCfg = Release|Any CPU
		{AC04D749-8B42-46EE-BF47-73CEAE1137FE}.AppStore|x86.Build.0 = Release|Any CPU
		{AC04D749-8B42-46EE-BF47-73CEAE1137FE}.Debug|Any CPU.ActiveCfg = Debug|Any CPU
		{AC04D749-8B42-46EE-BF47-73CEAE1137FE}.Debug|Any CPU.Build.0 = Debug|Any CPU
		{AC04D749-8B42-46EE-BF47-73CEAE1137FE}.Debug|ARM.ActiveCfg = Debug|Any CPU
		{AC04D749-8B42-46EE-BF47-73CEAE1137FE}.Debug|ARM.Build.0 = Debug|Any CPU
		{AC04D749-8B42-46EE-BF47-73CEAE1137FE}.Debug|iPhone.ActiveCfg = Debug|Any CPU
		{AC04D749-8B42-46EE-BF47-73CEAE1137FE}.Debug|iPhone.Build.0 = Debug|Any CPU
		{AC04D749-8B42-46EE-BF47-73CEAE1137FE}.Debug|iPhoneSimulator.ActiveCfg = Debug|Any CPU
		{AC04D749-8B42-46EE-BF47-73CEAE1137FE}.Debug|iPhoneSimulator.Build.0 = Debug|Any CPU
		{AC04D749-8B42-46EE-BF47-73CEAE1137FE}.Debug|x64.ActiveCfg = Debug|Any CPU
		{AC04D749-8B42-46EE-BF47-73CEAE1137FE}.Debug|x64.Build.0 = Debug|Any CPU
		{AC04D749-8B42-46EE-BF47-73CEAE1137FE}.Debug|x86.ActiveCfg = Debug|Any CPU
		{AC04D749-8B42-46EE-BF47-73CEAE1137FE}.Debug|x86.Build.0 = Debug|Any CPU
		{AC04D749-8B42-46EE-BF47-73CEAE1137FE}.Release|Any CPU.ActiveCfg = Release|Any CPU
		{AC04D749-8B42-46EE-BF47-73CEAE1137FE}.Release|Any CPU.Build.0 = Release|Any CPU
		{AC04D749-8B42-46EE-BF47-73CEAE1137FE}.Release|ARM.ActiveCfg = Release|Any CPU
		{AC04D749-8B42-46EE-BF47-73CEAE1137FE}.Release|ARM.Build.0 = Release|Any CPU
		{AC04D749-8B42-46EE-BF47-73CEAE1137FE}.Release|iPhone.ActiveCfg = Release|Any CPU
		{AC04D749-8B42-46EE-BF47-73CEAE1137FE}.Release|iPhone.Build.0 = Release|Any CPU
		{AC04D749-8B42-46EE-BF47-73CEAE1137FE}.Release|iPhoneSimulator.ActiveCfg = Release|Any CPU
		{AC04D749-8B42-46EE-BF47-73CEAE1137FE}.Release|iPhoneSimulator.Build.0 = Release|Any CPU
		{AC04D749-8B42-46EE-BF47-73CEAE1137FE}.Release|x64.ActiveCfg = Release|Any CPU
		{AC04D749-8B42-46EE-BF47-73CEAE1137FE}.Release|x64.Build.0 = Release|Any CPU
		{AC04D749-8B42-46EE-BF47-73CEAE1137FE}.Release|x86.ActiveCfg = Release|Any CPU
		{AC04D749-8B42-46EE-BF47-73CEAE1137FE}.Release|x86.Build.0 = Release|Any CPU
		{AE77FEDA-9210-48FC-AA3E-6746539394FA}.Ad-Hoc|Any CPU.ActiveCfg = Ad-Hoc|iPhone
		{AE77FEDA-9210-48FC-AA3E-6746539394FA}.Ad-Hoc|ARM.ActiveCfg = Ad-Hoc|iPhone
		{AE77FEDA-9210-48FC-AA3E-6746539394FA}.Ad-Hoc|iPhone.ActiveCfg = Ad-Hoc|iPhone
		{AE77FEDA-9210-48FC-AA3E-6746539394FA}.Ad-Hoc|iPhone.Build.0 = Ad-Hoc|iPhone
		{AE77FEDA-9210-48FC-AA3E-6746539394FA}.Ad-Hoc|iPhoneSimulator.ActiveCfg = Ad-Hoc|iPhoneSimulator
		{AE77FEDA-9210-48FC-AA3E-6746539394FA}.Ad-Hoc|iPhoneSimulator.Build.0 = Ad-Hoc|iPhoneSimulator
		{AE77FEDA-9210-48FC-AA3E-6746539394FA}.Ad-Hoc|x64.ActiveCfg = Ad-Hoc|iPhone
		{AE77FEDA-9210-48FC-AA3E-6746539394FA}.Ad-Hoc|x86.ActiveCfg = Ad-Hoc|iPhone
		{AE77FEDA-9210-48FC-AA3E-6746539394FA}.AppStore|Any CPU.ActiveCfg = AppStore|iPhone
		{AE77FEDA-9210-48FC-AA3E-6746539394FA}.AppStore|ARM.ActiveCfg = AppStore|iPhone
		{AE77FEDA-9210-48FC-AA3E-6746539394FA}.AppStore|iPhone.ActiveCfg = AppStore|iPhone
		{AE77FEDA-9210-48FC-AA3E-6746539394FA}.AppStore|iPhone.Build.0 = AppStore|iPhone
		{AE77FEDA-9210-48FC-AA3E-6746539394FA}.AppStore|iPhoneSimulator.ActiveCfg = AppStore|iPhoneSimulator
		{AE77FEDA-9210-48FC-AA3E-6746539394FA}.AppStore|iPhoneSimulator.Build.0 = AppStore|iPhoneSimulator
		{AE77FEDA-9210-48FC-AA3E-6746539394FA}.AppStore|x64.ActiveCfg = AppStore|iPhone
		{AE77FEDA-9210-48FC-AA3E-6746539394FA}.AppStore|x86.ActiveCfg = AppStore|iPhone
		{AE77FEDA-9210-48FC-AA3E-6746539394FA}.Debug|Any CPU.ActiveCfg = Debug|iPhone
		{AE77FEDA-9210-48FC-AA3E-6746539394FA}.Debug|ARM.ActiveCfg = Debug|iPhone
		{AE77FEDA-9210-48FC-AA3E-6746539394FA}.Debug|iPhone.ActiveCfg = Debug|iPhone
		{AE77FEDA-9210-48FC-AA3E-6746539394FA}.Debug|iPhone.Build.0 = Debug|iPhone
		{AE77FEDA-9210-48FC-AA3E-6746539394FA}.Debug|iPhoneSimulator.ActiveCfg = Debug|iPhoneSimulator
		{AE77FEDA-9210-48FC-AA3E-6746539394FA}.Debug|iPhoneSimulator.Build.0 = Debug|iPhoneSimulator
		{AE77FEDA-9210-48FC-AA3E-6746539394FA}.Debug|x64.ActiveCfg = Debug|iPhone
		{AE77FEDA-9210-48FC-AA3E-6746539394FA}.Debug|x86.ActiveCfg = Debug|iPhone
		{AE77FEDA-9210-48FC-AA3E-6746539394FA}.Release|Any CPU.ActiveCfg = Release|iPhone
		{AE77FEDA-9210-48FC-AA3E-6746539394FA}.Release|ARM.ActiveCfg = Release|iPhone
		{AE77FEDA-9210-48FC-AA3E-6746539394FA}.Release|iPhone.ActiveCfg = Release|iPhone
		{AE77FEDA-9210-48FC-AA3E-6746539394FA}.Release|iPhone.Build.0 = Release|iPhone
		{AE77FEDA-9210-48FC-AA3E-6746539394FA}.Release|iPhoneSimulator.ActiveCfg = Release|iPhoneSimulator
		{AE77FEDA-9210-48FC-AA3E-6746539394FA}.Release|iPhoneSimulator.Build.0 = Release|iPhoneSimulator
		{AE77FEDA-9210-48FC-AA3E-6746539394FA}.Release|x64.ActiveCfg = Release|iPhone
		{AE77FEDA-9210-48FC-AA3E-6746539394FA}.Release|x86.ActiveCfg = Release|iPhone
		{4F7E2D2E-52E2-4744-9F67-5F328A3035F2}.Ad-Hoc|Any CPU.ActiveCfg = Release|Any CPU
		{4F7E2D2E-52E2-4744-9F67-5F328A3035F2}.Ad-Hoc|Any CPU.Build.0 = Release|Any CPU
		{4F7E2D2E-52E2-4744-9F67-5F328A3035F2}.Ad-Hoc|Any CPU.Deploy.0 = Release|Any CPU
		{4F7E2D2E-52E2-4744-9F67-5F328A3035F2}.Ad-Hoc|ARM.ActiveCfg = Release|Any CPU
		{4F7E2D2E-52E2-4744-9F67-5F328A3035F2}.Ad-Hoc|ARM.Build.0 = Release|Any CPU
		{4F7E2D2E-52E2-4744-9F67-5F328A3035F2}.Ad-Hoc|ARM.Deploy.0 = Release|Any CPU
		{4F7E2D2E-52E2-4744-9F67-5F328A3035F2}.Ad-Hoc|iPhone.ActiveCfg = Release|Any CPU
		{4F7E2D2E-52E2-4744-9F67-5F328A3035F2}.Ad-Hoc|iPhone.Build.0 = Release|Any CPU
		{4F7E2D2E-52E2-4744-9F67-5F328A3035F2}.Ad-Hoc|iPhone.Deploy.0 = Release|Any CPU
		{4F7E2D2E-52E2-4744-9F67-5F328A3035F2}.Ad-Hoc|iPhoneSimulator.ActiveCfg = Release|Any CPU
		{4F7E2D2E-52E2-4744-9F67-5F328A3035F2}.Ad-Hoc|iPhoneSimulator.Build.0 = Release|Any CPU
		{4F7E2D2E-52E2-4744-9F67-5F328A3035F2}.Ad-Hoc|iPhoneSimulator.Deploy.0 = Release|Any CPU
		{4F7E2D2E-52E2-4744-9F67-5F328A3035F2}.Ad-Hoc|x64.ActiveCfg = Release|Any CPU
		{4F7E2D2E-52E2-4744-9F67-5F328A3035F2}.Ad-Hoc|x64.Build.0 = Release|Any CPU
		{4F7E2D2E-52E2-4744-9F67-5F328A3035F2}.Ad-Hoc|x64.Deploy.0 = Release|Any CPU
		{4F7E2D2E-52E2-4744-9F67-5F328A3035F2}.Ad-Hoc|x86.ActiveCfg = Release|Any CPU
		{4F7E2D2E-52E2-4744-9F67-5F328A3035F2}.Ad-Hoc|x86.Build.0 = Release|Any CPU
		{4F7E2D2E-52E2-4744-9F67-5F328A3035F2}.Ad-Hoc|x86.Deploy.0 = Release|Any CPU
		{4F7E2D2E-52E2-4744-9F67-5F328A3035F2}.AppStore|Any CPU.ActiveCfg = Release|Any CPU
		{4F7E2D2E-52E2-4744-9F67-5F328A3035F2}.AppStore|Any CPU.Build.0 = Release|Any CPU
		{4F7E2D2E-52E2-4744-9F67-5F328A3035F2}.AppStore|Any CPU.Deploy.0 = Release|Any CPU
		{4F7E2D2E-52E2-4744-9F67-5F328A3035F2}.AppStore|ARM.ActiveCfg = Release|Any CPU
		{4F7E2D2E-52E2-4744-9F67-5F328A3035F2}.AppStore|ARM.Build.0 = Release|Any CPU
		{4F7E2D2E-52E2-4744-9F67-5F328A3035F2}.AppStore|ARM.Deploy.0 = Release|Any CPU
		{4F7E2D2E-52E2-4744-9F67-5F328A3035F2}.AppStore|iPhone.ActiveCfg = Release|Any CPU
		{4F7E2D2E-52E2-4744-9F67-5F328A3035F2}.AppStore|iPhone.Build.0 = Release|Any CPU
		{4F7E2D2E-52E2-4744-9F67-5F328A3035F2}.AppStore|iPhone.Deploy.0 = Release|Any CPU
		{4F7E2D2E-52E2-4744-9F67-5F328A3035F2}.AppStore|iPhoneSimulator.ActiveCfg = Release|Any CPU
		{4F7E2D2E-52E2-4744-9F67-5F328A3035F2}.AppStore|iPhoneSimulator.Build.0 = Release|Any CPU
		{4F7E2D2E-52E2-4744-9F67-5F328A3035F2}.AppStore|iPhoneSimulator.Deploy.0 = Release|Any CPU
		{4F7E2D2E-52E2-4744-9F67-5F328A3035F2}.AppStore|x64.ActiveCfg = Release|Any CPU
		{4F7E2D2E-52E2-4744-9F67-5F328A3035F2}.AppStore|x64.Build.0 = Release|Any CPU
		{4F7E2D2E-52E2-4744-9F67-5F328A3035F2}.AppStore|x64.Deploy.0 = Release|Any CPU
		{4F7E2D2E-52E2-4744-9F67-5F328A3035F2}.AppStore|x86.ActiveCfg = Release|Any CPU
		{4F7E2D2E-52E2-4744-9F67-5F328A3035F2}.AppStore|x86.Build.0 = Release|Any CPU
		{4F7E2D2E-52E2-4744-9F67-5F328A3035F2}.AppStore|x86.Deploy.0 = Release|Any CPU
		{4F7E2D2E-52E2-4744-9F67-5F328A3035F2}.Debug|Any CPU.ActiveCfg = Debug|Any CPU
		{4F7E2D2E-52E2-4744-9F67-5F328A3035F2}.Debug|Any CPU.Build.0 = Debug|Any CPU
		{4F7E2D2E-52E2-4744-9F67-5F328A3035F2}.Debug|Any CPU.Deploy.0 = Debug|Any CPU
		{4F7E2D2E-52E2-4744-9F67-5F328A3035F2}.Debug|ARM.ActiveCfg = Debug|Any CPU
		{4F7E2D2E-52E2-4744-9F67-5F328A3035F2}.Debug|ARM.Build.0 = Debug|Any CPU
		{4F7E2D2E-52E2-4744-9F67-5F328A3035F2}.Debug|ARM.Deploy.0 = Debug|Any CPU
		{4F7E2D2E-52E2-4744-9F67-5F328A3035F2}.Debug|iPhone.ActiveCfg = Debug|Any CPU
		{4F7E2D2E-52E2-4744-9F67-5F328A3035F2}.Debug|iPhone.Build.0 = Debug|Any CPU
		{4F7E2D2E-52E2-4744-9F67-5F328A3035F2}.Debug|iPhone.Deploy.0 = Debug|Any CPU
		{4F7E2D2E-52E2-4744-9F67-5F328A3035F2}.Debug|iPhoneSimulator.ActiveCfg = Debug|Any CPU
		{4F7E2D2E-52E2-4744-9F67-5F328A3035F2}.Debug|iPhoneSimulator.Build.0 = Debug|Any CPU
		{4F7E2D2E-52E2-4744-9F67-5F328A3035F2}.Debug|iPhoneSimulator.Deploy.0 = Debug|Any CPU
		{4F7E2D2E-52E2-4744-9F67-5F328A3035F2}.Debug|x64.ActiveCfg = Debug|Any CPU
		{4F7E2D2E-52E2-4744-9F67-5F328A3035F2}.Debug|x64.Build.0 = Debug|Any CPU
		{4F7E2D2E-52E2-4744-9F67-5F328A3035F2}.Debug|x64.Deploy.0 = Debug|Any CPU
		{4F7E2D2E-52E2-4744-9F67-5F328A3035F2}.Debug|x86.ActiveCfg = Debug|Any CPU
		{4F7E2D2E-52E2-4744-9F67-5F328A3035F2}.Debug|x86.Build.0 = Debug|Any CPU
		{4F7E2D2E-52E2-4744-9F67-5F328A3035F2}.Debug|x86.Deploy.0 = Debug|Any CPU
		{4F7E2D2E-52E2-4744-9F67-5F328A3035F2}.Release|Any CPU.ActiveCfg = Release|Any CPU
		{4F7E2D2E-52E2-4744-9F67-5F328A3035F2}.Release|Any CPU.Build.0 = Release|Any CPU
		{4F7E2D2E-52E2-4744-9F67-5F328A3035F2}.Release|Any CPU.Deploy.0 = Release|Any CPU
		{4F7E2D2E-52E2-4744-9F67-5F328A3035F2}.Release|ARM.ActiveCfg = Release|Any CPU
		{4F7E2D2E-52E2-4744-9F67-5F328A3035F2}.Release|ARM.Build.0 = Release|Any CPU
		{4F7E2D2E-52E2-4744-9F67-5F328A3035F2}.Release|ARM.Deploy.0 = Release|Any CPU
		{4F7E2D2E-52E2-4744-9F67-5F328A3035F2}.Release|iPhone.ActiveCfg = Release|Any CPU
		{4F7E2D2E-52E2-4744-9F67-5F328A3035F2}.Release|iPhone.Build.0 = Release|Any CPU
		{4F7E2D2E-52E2-4744-9F67-5F328A3035F2}.Release|iPhone.Deploy.0 = Release|Any CPU
		{4F7E2D2E-52E2-4744-9F67-5F328A3035F2}.Release|iPhoneSimulator.ActiveCfg = Release|Any CPU
		{4F7E2D2E-52E2-4744-9F67-5F328A3035F2}.Release|iPhoneSimulator.Build.0 = Release|Any CPU
		{4F7E2D2E-52E2-4744-9F67-5F328A3035F2}.Release|iPhoneSimulator.Deploy.0 = Release|Any CPU
		{4F7E2D2E-52E2-4744-9F67-5F328A3035F2}.Release|x64.ActiveCfg = Release|Any CPU
		{4F7E2D2E-52E2-4744-9F67-5F328A3035F2}.Release|x64.Build.0 = Release|Any CPU
		{4F7E2D2E-52E2-4744-9F67-5F328A3035F2}.Release|x64.Deploy.0 = Release|Any CPU
		{4F7E2D2E-52E2-4744-9F67-5F328A3035F2}.Release|x86.ActiveCfg = Release|Any CPU
		{4F7E2D2E-52E2-4744-9F67-5F328A3035F2}.Release|x86.Build.0 = Release|Any CPU
		{4F7E2D2E-52E2-4744-9F67-5F328A3035F2}.Release|x86.Deploy.0 = Release|Any CPU
		{2591A81A-BC2D-4770-A69B-5C6E62C6B2EE}.Ad-Hoc|Any CPU.ActiveCfg = Release|Any CPU
		{2591A81A-BC2D-4770-A69B-5C6E62C6B2EE}.Ad-Hoc|Any CPU.Build.0 = Release|Any CPU
		{2591A81A-BC2D-4770-A69B-5C6E62C6B2EE}.Ad-Hoc|Any CPU.Deploy.0 = Release|Any CPU
		{2591A81A-BC2D-4770-A69B-5C6E62C6B2EE}.Ad-Hoc|ARM.ActiveCfg = Release|ARM
		{2591A81A-BC2D-4770-A69B-5C6E62C6B2EE}.Ad-Hoc|ARM.Build.0 = Release|ARM
		{2591A81A-BC2D-4770-A69B-5C6E62C6B2EE}.Ad-Hoc|ARM.Deploy.0 = Release|ARM
		{2591A81A-BC2D-4770-A69B-5C6E62C6B2EE}.Ad-Hoc|iPhone.ActiveCfg = Release|Any CPU
		{2591A81A-BC2D-4770-A69B-5C6E62C6B2EE}.Ad-Hoc|iPhone.Build.0 = Release|Any CPU
		{2591A81A-BC2D-4770-A69B-5C6E62C6B2EE}.Ad-Hoc|iPhone.Deploy.0 = Release|Any CPU
		{2591A81A-BC2D-4770-A69B-5C6E62C6B2EE}.Ad-Hoc|iPhoneSimulator.ActiveCfg = Release|Any CPU
		{2591A81A-BC2D-4770-A69B-5C6E62C6B2EE}.Ad-Hoc|iPhoneSimulator.Build.0 = Release|Any CPU
		{2591A81A-BC2D-4770-A69B-5C6E62C6B2EE}.Ad-Hoc|iPhoneSimulator.Deploy.0 = Release|Any CPU
		{2591A81A-BC2D-4770-A69B-5C6E62C6B2EE}.Ad-Hoc|x64.ActiveCfg = Release|Any CPU
		{2591A81A-BC2D-4770-A69B-5C6E62C6B2EE}.Ad-Hoc|x64.Build.0 = Release|Any CPU
		{2591A81A-BC2D-4770-A69B-5C6E62C6B2EE}.Ad-Hoc|x64.Deploy.0 = Release|Any CPU
		{2591A81A-BC2D-4770-A69B-5C6E62C6B2EE}.Ad-Hoc|x86.ActiveCfg = Release|x86
		{2591A81A-BC2D-4770-A69B-5C6E62C6B2EE}.Ad-Hoc|x86.Build.0 = Release|x86
		{2591A81A-BC2D-4770-A69B-5C6E62C6B2EE}.Ad-Hoc|x86.Deploy.0 = Release|x86
		{2591A81A-BC2D-4770-A69B-5C6E62C6B2EE}.AppStore|Any CPU.ActiveCfg = Release|Any CPU
		{2591A81A-BC2D-4770-A69B-5C6E62C6B2EE}.AppStore|Any CPU.Build.0 = Release|Any CPU
		{2591A81A-BC2D-4770-A69B-5C6E62C6B2EE}.AppStore|Any CPU.Deploy.0 = Release|Any CPU
		{2591A81A-BC2D-4770-A69B-5C6E62C6B2EE}.AppStore|ARM.ActiveCfg = Release|ARM
		{2591A81A-BC2D-4770-A69B-5C6E62C6B2EE}.AppStore|ARM.Build.0 = Release|ARM
		{2591A81A-BC2D-4770-A69B-5C6E62C6B2EE}.AppStore|ARM.Deploy.0 = Release|ARM
		{2591A81A-BC2D-4770-A69B-5C6E62C6B2EE}.AppStore|iPhone.ActiveCfg = Release|Any CPU
		{2591A81A-BC2D-4770-A69B-5C6E62C6B2EE}.AppStore|iPhone.Build.0 = Release|Any CPU
		{2591A81A-BC2D-4770-A69B-5C6E62C6B2EE}.AppStore|iPhone.Deploy.0 = Release|Any CPU
		{2591A81A-BC2D-4770-A69B-5C6E62C6B2EE}.AppStore|iPhoneSimulator.ActiveCfg = Release|Any CPU
		{2591A81A-BC2D-4770-A69B-5C6E62C6B2EE}.AppStore|iPhoneSimulator.Build.0 = Release|Any CPU
		{2591A81A-BC2D-4770-A69B-5C6E62C6B2EE}.AppStore|iPhoneSimulator.Deploy.0 = Release|Any CPU
		{2591A81A-BC2D-4770-A69B-5C6E62C6B2EE}.AppStore|x64.ActiveCfg = Release|Any CPU
		{2591A81A-BC2D-4770-A69B-5C6E62C6B2EE}.AppStore|x64.Build.0 = Release|Any CPU
		{2591A81A-BC2D-4770-A69B-5C6E62C6B2EE}.AppStore|x64.Deploy.0 = Release|Any CPU
		{2591A81A-BC2D-4770-A69B-5C6E62C6B2EE}.AppStore|x86.ActiveCfg = Release|x86
		{2591A81A-BC2D-4770-A69B-5C6E62C6B2EE}.AppStore|x86.Build.0 = Release|x86
		{2591A81A-BC2D-4770-A69B-5C6E62C6B2EE}.AppStore|x86.Deploy.0 = Release|x86
		{2591A81A-BC2D-4770-A69B-5C6E62C6B2EE}.Debug|Any CPU.ActiveCfg = Debug|Any CPU
		{2591A81A-BC2D-4770-A69B-5C6E62C6B2EE}.Debug|Any CPU.Build.0 = Debug|Any CPU
		{2591A81A-BC2D-4770-A69B-5C6E62C6B2EE}.Debug|Any CPU.Deploy.0 = Debug|Any CPU
		{2591A81A-BC2D-4770-A69B-5C6E62C6B2EE}.Debug|ARM.ActiveCfg = Debug|ARM
		{2591A81A-BC2D-4770-A69B-5C6E62C6B2EE}.Debug|ARM.Build.0 = Debug|ARM
		{2591A81A-BC2D-4770-A69B-5C6E62C6B2EE}.Debug|ARM.Deploy.0 = Debug|ARM
		{2591A81A-BC2D-4770-A69B-5C6E62C6B2EE}.Debug|iPhone.ActiveCfg = Debug|Any CPU
		{2591A81A-BC2D-4770-A69B-5C6E62C6B2EE}.Debug|iPhone.Build.0 = Debug|Any CPU
		{2591A81A-BC2D-4770-A69B-5C6E62C6B2EE}.Debug|iPhone.Deploy.0 = Debug|Any CPU
		{2591A81A-BC2D-4770-A69B-5C6E62C6B2EE}.Debug|iPhoneSimulator.ActiveCfg = Debug|Any CPU
		{2591A81A-BC2D-4770-A69B-5C6E62C6B2EE}.Debug|iPhoneSimulator.Build.0 = Debug|Any CPU
		{2591A81A-BC2D-4770-A69B-5C6E62C6B2EE}.Debug|iPhoneSimulator.Deploy.0 = Debug|Any CPU
		{2591A81A-BC2D-4770-A69B-5C6E62C6B2EE}.Debug|x64.ActiveCfg = Debug|Any CPU
		{2591A81A-BC2D-4770-A69B-5C6E62C6B2EE}.Debug|x64.Build.0 = Debug|Any CPU
		{2591A81A-BC2D-4770-A69B-5C6E62C6B2EE}.Debug|x64.Deploy.0 = Debug|Any CPU
		{2591A81A-BC2D-4770-A69B-5C6E62C6B2EE}.Debug|x86.ActiveCfg = Debug|x86
		{2591A81A-BC2D-4770-A69B-5C6E62C6B2EE}.Debug|x86.Build.0 = Debug|x86
		{2591A81A-BC2D-4770-A69B-5C6E62C6B2EE}.Debug|x86.Deploy.0 = Debug|x86
		{2591A81A-BC2D-4770-A69B-5C6E62C6B2EE}.Release|Any CPU.ActiveCfg = Release|Any CPU
		{2591A81A-BC2D-4770-A69B-5C6E62C6B2EE}.Release|Any CPU.Build.0 = Release|Any CPU
		{2591A81A-BC2D-4770-A69B-5C6E62C6B2EE}.Release|Any CPU.Deploy.0 = Release|Any CPU
		{2591A81A-BC2D-4770-A69B-5C6E62C6B2EE}.Release|ARM.ActiveCfg = Release|ARM
		{2591A81A-BC2D-4770-A69B-5C6E62C6B2EE}.Release|ARM.Build.0 = Release|ARM
		{2591A81A-BC2D-4770-A69B-5C6E62C6B2EE}.Release|ARM.Deploy.0 = Release|ARM
		{2591A81A-BC2D-4770-A69B-5C6E62C6B2EE}.Release|iPhone.ActiveCfg = Release|Any CPU
		{2591A81A-BC2D-4770-A69B-5C6E62C6B2EE}.Release|iPhone.Build.0 = Release|Any CPU
		{2591A81A-BC2D-4770-A69B-5C6E62C6B2EE}.Release|iPhone.Deploy.0 = Release|Any CPU
		{2591A81A-BC2D-4770-A69B-5C6E62C6B2EE}.Release|iPhoneSimulator.ActiveCfg = Release|Any CPU
		{2591A81A-BC2D-4770-A69B-5C6E62C6B2EE}.Release|iPhoneSimulator.Build.0 = Release|Any CPU
		{2591A81A-BC2D-4770-A69B-5C6E62C6B2EE}.Release|iPhoneSimulator.Deploy.0 = Release|Any CPU
		{2591A81A-BC2D-4770-A69B-5C6E62C6B2EE}.Release|x64.ActiveCfg = Release|Any CPU
		{2591A81A-BC2D-4770-A69B-5C6E62C6B2EE}.Release|x64.Build.0 = Release|Any CPU
		{2591A81A-BC2D-4770-A69B-5C6E62C6B2EE}.Release|x64.Deploy.0 = Release|Any CPU
		{2591A81A-BC2D-4770-A69B-5C6E62C6B2EE}.Release|x86.ActiveCfg = Release|x86
		{2591A81A-BC2D-4770-A69B-5C6E62C6B2EE}.Release|x86.Build.0 = Release|x86
		{2591A81A-BC2D-4770-A69B-5C6E62C6B2EE}.Release|x86.Deploy.0 = Release|x86
		{ACBC3FE1-18E5-4523-880E-F91EC86A5739}.Ad-Hoc|Any CPU.ActiveCfg = Release|Any CPU
		{ACBC3FE1-18E5-4523-880E-F91EC86A5739}.Ad-Hoc|Any CPU.Build.0 = Release|Any CPU
		{ACBC3FE1-18E5-4523-880E-F91EC86A5739}.Ad-Hoc|ARM.ActiveCfg = Release|Any CPU
		{ACBC3FE1-18E5-4523-880E-F91EC86A5739}.Ad-Hoc|ARM.Build.0 = Release|Any CPU
		{ACBC3FE1-18E5-4523-880E-F91EC86A5739}.Ad-Hoc|iPhone.ActiveCfg = Release|Any CPU
		{ACBC3FE1-18E5-4523-880E-F91EC86A5739}.Ad-Hoc|iPhone.Build.0 = Release|Any CPU
		{ACBC3FE1-18E5-4523-880E-F91EC86A5739}.Ad-Hoc|iPhoneSimulator.ActiveCfg = Release|Any CPU
		{ACBC3FE1-18E5-4523-880E-F91EC86A5739}.Ad-Hoc|iPhoneSimulator.Build.0 = Release|Any CPU
		{ACBC3FE1-18E5-4523-880E-F91EC86A5739}.Ad-Hoc|x64.ActiveCfg = Release|Any CPU
		{ACBC3FE1-18E5-4523-880E-F91EC86A5739}.Ad-Hoc|x64.Build.0 = Release|Any CPU
		{ACBC3FE1-18E5-4523-880E-F91EC86A5739}.Ad-Hoc|x86.ActiveCfg = Release|Any CPU
		{ACBC3FE1-18E5-4523-880E-F91EC86A5739}.Ad-Hoc|x86.Build.0 = Release|Any CPU
		{ACBC3FE1-18E5-4523-880E-F91EC86A5739}.AppStore|Any CPU.ActiveCfg = Release|Any CPU
		{ACBC3FE1-18E5-4523-880E-F91EC86A5739}.AppStore|Any CPU.Build.0 = Release|Any CPU
		{ACBC3FE1-18E5-4523-880E-F91EC86A5739}.AppStore|ARM.ActiveCfg = Release|Any CPU
		{ACBC3FE1-18E5-4523-880E-F91EC86A5739}.AppStore|ARM.Build.0 = Release|Any CPU
		{ACBC3FE1-18E5-4523-880E-F91EC86A5739}.AppStore|iPhone.ActiveCfg = Release|Any CPU
		{ACBC3FE1-18E5-4523-880E-F91EC86A5739}.AppStore|iPhone.Build.0 = Release|Any CPU
		{ACBC3FE1-18E5-4523-880E-F91EC86A5739}.AppStore|iPhoneSimulator.ActiveCfg = Release|Any CPU
		{ACBC3FE1-18E5-4523-880E-F91EC86A5739}.AppStore|iPhoneSimulator.Build.0 = Release|Any CPU
		{ACBC3FE1-18E5-4523-880E-F91EC86A5739}.AppStore|x64.ActiveCfg = Release|Any CPU
		{ACBC3FE1-18E5-4523-880E-F91EC86A5739}.AppStore|x64.Build.0 = Release|Any CPU
		{ACBC3FE1-18E5-4523-880E-F91EC86A5739}.AppStore|x86.ActiveCfg = Release|Any CPU
		{ACBC3FE1-18E5-4523-880E-F91EC86A5739}.AppStore|x86.Build.0 = Release|Any CPU
		{ACBC3FE1-18E5-4523-880E-F91EC86A5739}.Debug|Any CPU.ActiveCfg = Debug|Any CPU
		{ACBC3FE1-18E5-4523-880E-F91EC86A5739}.Debug|Any CPU.Build.0 = Debug|Any CPU
		{ACBC3FE1-18E5-4523-880E-F91EC86A5739}.Debug|ARM.ActiveCfg = Debug|Any CPU
		{ACBC3FE1-18E5-4523-880E-F91EC86A5739}.Debug|ARM.Build.0 = Debug|Any CPU
		{ACBC3FE1-18E5-4523-880E-F91EC86A5739}.Debug|iPhone.ActiveCfg = Debug|Any CPU
		{ACBC3FE1-18E5-4523-880E-F91EC86A5739}.Debug|iPhone.Build.0 = Debug|Any CPU
		{ACBC3FE1-18E5-4523-880E-F91EC86A5739}.Debug|iPhoneSimulator.ActiveCfg = Debug|Any CPU
		{ACBC3FE1-18E5-4523-880E-F91EC86A5739}.Debug|iPhoneSimulator.Build.0 = Debug|Any CPU
		{ACBC3FE1-18E5-4523-880E-F91EC86A5739}.Debug|x64.ActiveCfg = Debug|Any CPU
		{ACBC3FE1-18E5-4523-880E-F91EC86A5739}.Debug|x64.Build.0 = Debug|Any CPU
		{ACBC3FE1-18E5-4523-880E-F91EC86A5739}.Debug|x86.ActiveCfg = Debug|Any CPU
		{ACBC3FE1-18E5-4523-880E-F91EC86A5739}.Debug|x86.Build.0 = Debug|Any CPU
		{ACBC3FE1-18E5-4523-880E-F91EC86A5739}.Release|Any CPU.ActiveCfg = Release|Any CPU
		{ACBC3FE1-18E5-4523-880E-F91EC86A5739}.Release|Any CPU.Build.0 = Release|Any CPU
		{ACBC3FE1-18E5-4523-880E-F91EC86A5739}.Release|ARM.ActiveCfg = Release|Any CPU
		{ACBC3FE1-18E5-4523-880E-F91EC86A5739}.Release|ARM.Build.0 = Release|Any CPU
		{ACBC3FE1-18E5-4523-880E-F91EC86A5739}.Release|iPhone.ActiveCfg = Release|Any CPU
		{ACBC3FE1-18E5-4523-880E-F91EC86A5739}.Release|iPhone.Build.0 = Release|Any CPU
		{ACBC3FE1-18E5-4523-880E-F91EC86A5739}.Release|iPhoneSimulator.ActiveCfg = Release|Any CPU
		{ACBC3FE1-18E5-4523-880E-F91EC86A5739}.Release|iPhoneSimulator.Build.0 = Release|Any CPU
		{ACBC3FE1-18E5-4523-880E-F91EC86A5739}.Release|x64.ActiveCfg = Release|Any CPU
		{ACBC3FE1-18E5-4523-880E-F91EC86A5739}.Release|x64.Build.0 = Release|Any CPU
		{ACBC3FE1-18E5-4523-880E-F91EC86A5739}.Release|x86.ActiveCfg = Release|Any CPU
		{ACBC3FE1-18E5-4523-880E-F91EC86A5739}.Release|x86.Build.0 = Release|Any CPU
		{116B3ECD-ACCD-4B85-A576-47BEEE6DE6A3}.Ad-Hoc|Any CPU.ActiveCfg = Release|Any CPU
		{116B3ECD-ACCD-4B85-A576-47BEEE6DE6A3}.Ad-Hoc|Any CPU.Build.0 = Release|Any CPU
		{116B3ECD-ACCD-4B85-A576-47BEEE6DE6A3}.Ad-Hoc|Any CPU.Deploy.0 = Release|Any CPU
		{116B3ECD-ACCD-4B85-A576-47BEEE6DE6A3}.Ad-Hoc|ARM.ActiveCfg = Release|Any CPU
		{116B3ECD-ACCD-4B85-A576-47BEEE6DE6A3}.Ad-Hoc|ARM.Build.0 = Release|Any CPU
		{116B3ECD-ACCD-4B85-A576-47BEEE6DE6A3}.Ad-Hoc|ARM.Deploy.0 = Release|Any CPU
		{116B3ECD-ACCD-4B85-A576-47BEEE6DE6A3}.Ad-Hoc|iPhone.ActiveCfg = Release|Any CPU
		{116B3ECD-ACCD-4B85-A576-47BEEE6DE6A3}.Ad-Hoc|iPhone.Build.0 = Release|Any CPU
		{116B3ECD-ACCD-4B85-A576-47BEEE6DE6A3}.Ad-Hoc|iPhone.Deploy.0 = Release|Any CPU
		{116B3ECD-ACCD-4B85-A576-47BEEE6DE6A3}.Ad-Hoc|iPhoneSimulator.ActiveCfg = Release|Any CPU
		{116B3ECD-ACCD-4B85-A576-47BEEE6DE6A3}.Ad-Hoc|iPhoneSimulator.Build.0 = Release|Any CPU
		{116B3ECD-ACCD-4B85-A576-47BEEE6DE6A3}.Ad-Hoc|iPhoneSimulator.Deploy.0 = Release|Any CPU
		{116B3ECD-ACCD-4B85-A576-47BEEE6DE6A3}.Ad-Hoc|x64.ActiveCfg = Release|Any CPU
		{116B3ECD-ACCD-4B85-A576-47BEEE6DE6A3}.Ad-Hoc|x64.Build.0 = Release|Any CPU
		{116B3ECD-ACCD-4B85-A576-47BEEE6DE6A3}.Ad-Hoc|x64.Deploy.0 = Release|Any CPU
		{116B3ECD-ACCD-4B85-A576-47BEEE6DE6A3}.Ad-Hoc|x86.ActiveCfg = Release|Any CPU
		{116B3ECD-ACCD-4B85-A576-47BEEE6DE6A3}.Ad-Hoc|x86.Build.0 = Release|Any CPU
		{116B3ECD-ACCD-4B85-A576-47BEEE6DE6A3}.Ad-Hoc|x86.Deploy.0 = Release|Any CPU
		{116B3ECD-ACCD-4B85-A576-47BEEE6DE6A3}.AppStore|Any CPU.ActiveCfg = Release|Any CPU
		{116B3ECD-ACCD-4B85-A576-47BEEE6DE6A3}.AppStore|Any CPU.Build.0 = Release|Any CPU
		{116B3ECD-ACCD-4B85-A576-47BEEE6DE6A3}.AppStore|Any CPU.Deploy.0 = Release|Any CPU
		{116B3ECD-ACCD-4B85-A576-47BEEE6DE6A3}.AppStore|ARM.ActiveCfg = Release|Any CPU
		{116B3ECD-ACCD-4B85-A576-47BEEE6DE6A3}.AppStore|ARM.Build.0 = Release|Any CPU
		{116B3ECD-ACCD-4B85-A576-47BEEE6DE6A3}.AppStore|ARM.Deploy.0 = Release|Any CPU
		{116B3ECD-ACCD-4B85-A576-47BEEE6DE6A3}.AppStore|iPhone.ActiveCfg = Release|Any CPU
		{116B3ECD-ACCD-4B85-A576-47BEEE6DE6A3}.AppStore|iPhone.Build.0 = Release|Any CPU
		{116B3ECD-ACCD-4B85-A576-47BEEE6DE6A3}.AppStore|iPhone.Deploy.0 = Release|Any CPU
		{116B3ECD-ACCD-4B85-A576-47BEEE6DE6A3}.AppStore|iPhoneSimulator.ActiveCfg = Release|Any CPU
		{116B3ECD-ACCD-4B85-A576-47BEEE6DE6A3}.AppStore|iPhoneSimulator.Build.0 = Release|Any CPU
		{116B3ECD-ACCD-4B85-A576-47BEEE6DE6A3}.AppStore|iPhoneSimulator.Deploy.0 = Release|Any CPU
		{116B3ECD-ACCD-4B85-A576-47BEEE6DE6A3}.AppStore|x64.ActiveCfg = Release|Any CPU
		{116B3ECD-ACCD-4B85-A576-47BEEE6DE6A3}.AppStore|x64.Build.0 = Release|Any CPU
		{116B3ECD-ACCD-4B85-A576-47BEEE6DE6A3}.AppStore|x64.Deploy.0 = Release|Any CPU
		{116B3ECD-ACCD-4B85-A576-47BEEE6DE6A3}.AppStore|x86.ActiveCfg = Release|Any CPU
		{116B3ECD-ACCD-4B85-A576-47BEEE6DE6A3}.AppStore|x86.Build.0 = Release|Any CPU
		{116B3ECD-ACCD-4B85-A576-47BEEE6DE6A3}.AppStore|x86.Deploy.0 = Release|Any CPU
		{116B3ECD-ACCD-4B85-A576-47BEEE6DE6A3}.Debug|Any CPU.ActiveCfg = Debug|Any CPU
		{116B3ECD-ACCD-4B85-A576-47BEEE6DE6A3}.Debug|Any CPU.Build.0 = Debug|Any CPU
		{116B3ECD-ACCD-4B85-A576-47BEEE6DE6A3}.Debug|Any CPU.Deploy.0 = Debug|Any CPU
		{116B3ECD-ACCD-4B85-A576-47BEEE6DE6A3}.Debug|ARM.ActiveCfg = Debug|Any CPU
		{116B3ECD-ACCD-4B85-A576-47BEEE6DE6A3}.Debug|ARM.Build.0 = Debug|Any CPU
		{116B3ECD-ACCD-4B85-A576-47BEEE6DE6A3}.Debug|ARM.Deploy.0 = Debug|Any CPU
		{116B3ECD-ACCD-4B85-A576-47BEEE6DE6A3}.Debug|iPhone.ActiveCfg = Debug|Any CPU
		{116B3ECD-ACCD-4B85-A576-47BEEE6DE6A3}.Debug|iPhone.Build.0 = Debug|Any CPU
		{116B3ECD-ACCD-4B85-A576-47BEEE6DE6A3}.Debug|iPhone.Deploy.0 = Debug|Any CPU
		{116B3ECD-ACCD-4B85-A576-47BEEE6DE6A3}.Debug|iPhoneSimulator.ActiveCfg = Debug|Any CPU
		{116B3ECD-ACCD-4B85-A576-47BEEE6DE6A3}.Debug|iPhoneSimulator.Build.0 = Debug|Any CPU
		{116B3ECD-ACCD-4B85-A576-47BEEE6DE6A3}.Debug|iPhoneSimulator.Deploy.0 = Debug|Any CPU
		{116B3ECD-ACCD-4B85-A576-47BEEE6DE6A3}.Debug|x64.ActiveCfg = Debug|Any CPU
		{116B3ECD-ACCD-4B85-A576-47BEEE6DE6A3}.Debug|x64.Build.0 = Debug|Any CPU
		{116B3ECD-ACCD-4B85-A576-47BEEE6DE6A3}.Debug|x64.Deploy.0 = Debug|Any CPU
		{116B3ECD-ACCD-4B85-A576-47BEEE6DE6A3}.Debug|x86.ActiveCfg = Debug|Any CPU
		{116B3ECD-ACCD-4B85-A576-47BEEE6DE6A3}.Debug|x86.Build.0 = Debug|Any CPU
		{116B3ECD-ACCD-4B85-A576-47BEEE6DE6A3}.Debug|x86.Deploy.0 = Debug|Any CPU
		{116B3ECD-ACCD-4B85-A576-47BEEE6DE6A3}.Release|Any CPU.ActiveCfg = Release|Any CPU
		{116B3ECD-ACCD-4B85-A576-47BEEE6DE6A3}.Release|Any CPU.Build.0 = Release|Any CPU
		{116B3ECD-ACCD-4B85-A576-47BEEE6DE6A3}.Release|Any CPU.Deploy.0 = Release|Any CPU
		{116B3ECD-ACCD-4B85-A576-47BEEE6DE6A3}.Release|ARM.ActiveCfg = Release|Any CPU
		{116B3ECD-ACCD-4B85-A576-47BEEE6DE6A3}.Release|ARM.Build.0 = Release|Any CPU
		{116B3ECD-ACCD-4B85-A576-47BEEE6DE6A3}.Release|ARM.Deploy.0 = Release|Any CPU
		{116B3ECD-ACCD-4B85-A576-47BEEE6DE6A3}.Release|iPhone.ActiveCfg = Release|Any CPU
		{116B3ECD-ACCD-4B85-A576-47BEEE6DE6A3}.Release|iPhone.Build.0 = Release|Any CPU
		{116B3ECD-ACCD-4B85-A576-47BEEE6DE6A3}.Release|iPhone.Deploy.0 = Release|Any CPU
		{116B3ECD-ACCD-4B85-A576-47BEEE6DE6A3}.Release|iPhoneSimulator.ActiveCfg = Release|Any CPU
		{116B3ECD-ACCD-4B85-A576-47BEEE6DE6A3}.Release|iPhoneSimulator.Build.0 = Release|Any CPU
		{116B3ECD-ACCD-4B85-A576-47BEEE6DE6A3}.Release|iPhoneSimulator.Deploy.0 = Release|Any CPU
		{116B3ECD-ACCD-4B85-A576-47BEEE6DE6A3}.Release|x64.ActiveCfg = Release|Any CPU
		{116B3ECD-ACCD-4B85-A576-47BEEE6DE6A3}.Release|x64.Build.0 = Release|Any CPU
		{116B3ECD-ACCD-4B85-A576-47BEEE6DE6A3}.Release|x64.Deploy.0 = Release|Any CPU
		{116B3ECD-ACCD-4B85-A576-47BEEE6DE6A3}.Release|x86.ActiveCfg = Release|Any CPU
		{116B3ECD-ACCD-4B85-A576-47BEEE6DE6A3}.Release|x86.Build.0 = Release|Any CPU
		{116B3ECD-ACCD-4B85-A576-47BEEE6DE6A3}.Release|x86.Deploy.0 = Release|Any CPU
		{0D156920-1DF5-4B2B-9A01-322FF1C58323}.Ad-Hoc|Any CPU.ActiveCfg = Release|iPhone
		{0D156920-1DF5-4B2B-9A01-322FF1C58323}.Ad-Hoc|Any CPU.Build.0 = Release|iPhone
		{0D156920-1DF5-4B2B-9A01-322FF1C58323}.Ad-Hoc|ARM.ActiveCfg = Release|iPhone
		{0D156920-1DF5-4B2B-9A01-322FF1C58323}.Ad-Hoc|ARM.Build.0 = Release|iPhone
		{0D156920-1DF5-4B2B-9A01-322FF1C58323}.Ad-Hoc|iPhone.ActiveCfg = Release|iPhone
		{0D156920-1DF5-4B2B-9A01-322FF1C58323}.Ad-Hoc|iPhone.Build.0 = Release|iPhone
		{0D156920-1DF5-4B2B-9A01-322FF1C58323}.Ad-Hoc|iPhoneSimulator.ActiveCfg = Release|iPhoneSimulator
		{0D156920-1DF5-4B2B-9A01-322FF1C58323}.Ad-Hoc|iPhoneSimulator.Build.0 = Release|iPhoneSimulator
		{0D156920-1DF5-4B2B-9A01-322FF1C58323}.Ad-Hoc|x64.ActiveCfg = Release|iPhone
		{0D156920-1DF5-4B2B-9A01-322FF1C58323}.Ad-Hoc|x64.Build.0 = Release|iPhone
		{0D156920-1DF5-4B2B-9A01-322FF1C58323}.Ad-Hoc|x86.ActiveCfg = Release|iPhone
		{0D156920-1DF5-4B2B-9A01-322FF1C58323}.Ad-Hoc|x86.Build.0 = Release|iPhone
		{0D156920-1DF5-4B2B-9A01-322FF1C58323}.AppStore|Any CPU.ActiveCfg = Release|iPhone
		{0D156920-1DF5-4B2B-9A01-322FF1C58323}.AppStore|Any CPU.Build.0 = Release|iPhone
		{0D156920-1DF5-4B2B-9A01-322FF1C58323}.AppStore|ARM.ActiveCfg = Release|iPhone
		{0D156920-1DF5-4B2B-9A01-322FF1C58323}.AppStore|ARM.Build.0 = Release|iPhone
		{0D156920-1DF5-4B2B-9A01-322FF1C58323}.AppStore|iPhone.ActiveCfg = Release|iPhone
		{0D156920-1DF5-4B2B-9A01-322FF1C58323}.AppStore|iPhone.Build.0 = Release|iPhone
		{0D156920-1DF5-4B2B-9A01-322FF1C58323}.AppStore|iPhoneSimulator.ActiveCfg = Release|iPhoneSimulator
		{0D156920-1DF5-4B2B-9A01-322FF1C58323}.AppStore|iPhoneSimulator.Build.0 = Release|iPhoneSimulator
		{0D156920-1DF5-4B2B-9A01-322FF1C58323}.AppStore|x64.ActiveCfg = Release|iPhone
		{0D156920-1DF5-4B2B-9A01-322FF1C58323}.AppStore|x64.Build.0 = Release|iPhone
		{0D156920-1DF5-4B2B-9A01-322FF1C58323}.AppStore|x86.ActiveCfg = Release|iPhone
		{0D156920-1DF5-4B2B-9A01-322FF1C58323}.AppStore|x86.Build.0 = Release|iPhone
		{0D156920-1DF5-4B2B-9A01-322FF1C58323}.Debug|Any CPU.ActiveCfg = Debug|iPhone
		{0D156920-1DF5-4B2B-9A01-322FF1C58323}.Debug|ARM.ActiveCfg = Debug|iPhone
		{0D156920-1DF5-4B2B-9A01-322FF1C58323}.Debug|iPhone.ActiveCfg = Debug|iPhone
		{0D156920-1DF5-4B2B-9A01-322FF1C58323}.Debug|iPhone.Build.0 = Debug|iPhone
		{0D156920-1DF5-4B2B-9A01-322FF1C58323}.Debug|iPhoneSimulator.ActiveCfg = Debug|iPhoneSimulator
		{0D156920-1DF5-4B2B-9A01-322FF1C58323}.Debug|iPhoneSimulator.Build.0 = Debug|iPhoneSimulator
		{0D156920-1DF5-4B2B-9A01-322FF1C58323}.Debug|x64.ActiveCfg = Debug|iPhone
		{0D156920-1DF5-4B2B-9A01-322FF1C58323}.Debug|x86.ActiveCfg = Debug|iPhone
		{0D156920-1DF5-4B2B-9A01-322FF1C58323}.Release|Any CPU.ActiveCfg = Release|iPhone
		{0D156920-1DF5-4B2B-9A01-322FF1C58323}.Release|ARM.ActiveCfg = Release|iPhone
		{0D156920-1DF5-4B2B-9A01-322FF1C58323}.Release|iPhone.ActiveCfg = Release|iPhone
		{0D156920-1DF5-4B2B-9A01-322FF1C58323}.Release|iPhone.Build.0 = Release|iPhone
		{0D156920-1DF5-4B2B-9A01-322FF1C58323}.Release|iPhoneSimulator.ActiveCfg = Release|iPhoneSimulator
		{0D156920-1DF5-4B2B-9A01-322FF1C58323}.Release|iPhoneSimulator.Build.0 = Release|iPhoneSimulator
		{0D156920-1DF5-4B2B-9A01-322FF1C58323}.Release|x64.ActiveCfg = Release|iPhone
		{0D156920-1DF5-4B2B-9A01-322FF1C58323}.Release|x86.ActiveCfg = Release|iPhone
		{FE56AD1A-E837-495C-889D-1F37C6E63A5B}.Ad-Hoc|Any CPU.ActiveCfg = Release|x86
		{FE56AD1A-E837-495C-889D-1F37C6E63A5B}.Ad-Hoc|Any CPU.Build.0 = Release|x86
		{FE56AD1A-E837-495C-889D-1F37C6E63A5B}.Ad-Hoc|Any CPU.Deploy.0 = Release|x86
		{FE56AD1A-E837-495C-889D-1F37C6E63A5B}.Ad-Hoc|ARM.ActiveCfg = Release|ARM
		{FE56AD1A-E837-495C-889D-1F37C6E63A5B}.Ad-Hoc|ARM.Build.0 = Release|ARM
		{FE56AD1A-E837-495C-889D-1F37C6E63A5B}.Ad-Hoc|ARM.Deploy.0 = Release|ARM
		{FE56AD1A-E837-495C-889D-1F37C6E63A5B}.Ad-Hoc|iPhone.ActiveCfg = Release|x86
		{FE56AD1A-E837-495C-889D-1F37C6E63A5B}.Ad-Hoc|iPhone.Build.0 = Release|x86
		{FE56AD1A-E837-495C-889D-1F37C6E63A5B}.Ad-Hoc|iPhone.Deploy.0 = Release|x86
		{FE56AD1A-E837-495C-889D-1F37C6E63A5B}.Ad-Hoc|iPhoneSimulator.ActiveCfg = Release|x86
		{FE56AD1A-E837-495C-889D-1F37C6E63A5B}.Ad-Hoc|iPhoneSimulator.Build.0 = Release|x86
		{FE56AD1A-E837-495C-889D-1F37C6E63A5B}.Ad-Hoc|iPhoneSimulator.Deploy.0 = Release|x86
		{FE56AD1A-E837-495C-889D-1F37C6E63A5B}.Ad-Hoc|x64.ActiveCfg = Release|x64
		{FE56AD1A-E837-495C-889D-1F37C6E63A5B}.Ad-Hoc|x64.Build.0 = Release|x64
		{FE56AD1A-E837-495C-889D-1F37C6E63A5B}.Ad-Hoc|x64.Deploy.0 = Release|x64
		{FE56AD1A-E837-495C-889D-1F37C6E63A5B}.Ad-Hoc|x86.ActiveCfg = Release|x86
		{FE56AD1A-E837-495C-889D-1F37C6E63A5B}.Ad-Hoc|x86.Build.0 = Release|x86
		{FE56AD1A-E837-495C-889D-1F37C6E63A5B}.Ad-Hoc|x86.Deploy.0 = Release|x86
		{FE56AD1A-E837-495C-889D-1F37C6E63A5B}.AppStore|Any CPU.ActiveCfg = Release|x86
		{FE56AD1A-E837-495C-889D-1F37C6E63A5B}.AppStore|Any CPU.Build.0 = Release|x86
		{FE56AD1A-E837-495C-889D-1F37C6E63A5B}.AppStore|Any CPU.Deploy.0 = Release|x86
		{FE56AD1A-E837-495C-889D-1F37C6E63A5B}.AppStore|ARM.ActiveCfg = Release|ARM
		{FE56AD1A-E837-495C-889D-1F37C6E63A5B}.AppStore|ARM.Build.0 = Release|ARM
		{FE56AD1A-E837-495C-889D-1F37C6E63A5B}.AppStore|ARM.Deploy.0 = Release|ARM
		{FE56AD1A-E837-495C-889D-1F37C6E63A5B}.AppStore|iPhone.ActiveCfg = Release|x86
		{FE56AD1A-E837-495C-889D-1F37C6E63A5B}.AppStore|iPhone.Build.0 = Release|x86
		{FE56AD1A-E837-495C-889D-1F37C6E63A5B}.AppStore|iPhone.Deploy.0 = Release|x86
		{FE56AD1A-E837-495C-889D-1F37C6E63A5B}.AppStore|iPhoneSimulator.ActiveCfg = Release|x86
		{FE56AD1A-E837-495C-889D-1F37C6E63A5B}.AppStore|iPhoneSimulator.Build.0 = Release|x86
		{FE56AD1A-E837-495C-889D-1F37C6E63A5B}.AppStore|iPhoneSimulator.Deploy.0 = Release|x86
		{FE56AD1A-E837-495C-889D-1F37C6E63A5B}.AppStore|x64.ActiveCfg = Release|x64
		{FE56AD1A-E837-495C-889D-1F37C6E63A5B}.AppStore|x64.Build.0 = Release|x64
		{FE56AD1A-E837-495C-889D-1F37C6E63A5B}.AppStore|x64.Deploy.0 = Release|x64
		{FE56AD1A-E837-495C-889D-1F37C6E63A5B}.AppStore|x86.ActiveCfg = Release|x86
		{FE56AD1A-E837-495C-889D-1F37C6E63A5B}.AppStore|x86.Build.0 = Release|x86
		{FE56AD1A-E837-495C-889D-1F37C6E63A5B}.AppStore|x86.Deploy.0 = Release|x86
		{FE56AD1A-E837-495C-889D-1F37C6E63A5B}.Debug|Any CPU.ActiveCfg = Debug|x86
		{FE56AD1A-E837-495C-889D-1F37C6E63A5B}.Debug|ARM.ActiveCfg = Debug|ARM
		{FE56AD1A-E837-495C-889D-1F37C6E63A5B}.Debug|ARM.Build.0 = Debug|ARM
		{FE56AD1A-E837-495C-889D-1F37C6E63A5B}.Debug|ARM.Deploy.0 = Debug|ARM
		{FE56AD1A-E837-495C-889D-1F37C6E63A5B}.Debug|iPhone.ActiveCfg = Debug|x86
		{FE56AD1A-E837-495C-889D-1F37C6E63A5B}.Debug|iPhoneSimulator.ActiveCfg = Debug|x86
		{FE56AD1A-E837-495C-889D-1F37C6E63A5B}.Debug|x64.ActiveCfg = Debug|x64
		{FE56AD1A-E837-495C-889D-1F37C6E63A5B}.Debug|x64.Build.0 = Debug|x64
		{FE56AD1A-E837-495C-889D-1F37C6E63A5B}.Debug|x64.Deploy.0 = Debug|x64
		{FE56AD1A-E837-495C-889D-1F37C6E63A5B}.Debug|x86.ActiveCfg = Debug|x86
		{FE56AD1A-E837-495C-889D-1F37C6E63A5B}.Debug|x86.Build.0 = Debug|x86
		{FE56AD1A-E837-495C-889D-1F37C6E63A5B}.Debug|x86.Deploy.0 = Debug|x86
		{FE56AD1A-E837-495C-889D-1F37C6E63A5B}.Release|Any CPU.ActiveCfg = Release|x86
		{FE56AD1A-E837-495C-889D-1F37C6E63A5B}.Release|ARM.ActiveCfg = Release|ARM
		{FE56AD1A-E837-495C-889D-1F37C6E63A5B}.Release|ARM.Build.0 = Release|ARM
		{FE56AD1A-E837-495C-889D-1F37C6E63A5B}.Release|ARM.Deploy.0 = Release|ARM
		{FE56AD1A-E837-495C-889D-1F37C6E63A5B}.Release|iPhone.ActiveCfg = Release|x86
		{FE56AD1A-E837-495C-889D-1F37C6E63A5B}.Release|iPhoneSimulator.ActiveCfg = Release|x86
		{FE56AD1A-E837-495C-889D-1F37C6E63A5B}.Release|x64.ActiveCfg = Release|x64
		{FE56AD1A-E837-495C-889D-1F37C6E63A5B}.Release|x64.Build.0 = Release|x64
		{FE56AD1A-E837-495C-889D-1F37C6E63A5B}.Release|x64.Deploy.0 = Release|x64
		{FE56AD1A-E837-495C-889D-1F37C6E63A5B}.Release|x86.ActiveCfg = Release|x86
		{FE56AD1A-E837-495C-889D-1F37C6E63A5B}.Release|x86.Build.0 = Release|x86
		{FE56AD1A-E837-495C-889D-1F37C6E63A5B}.Release|x86.Deploy.0 = Release|x86
		{192C4916-680A-49CA-930F-D363C5A00DEB}.Ad-Hoc|Any CPU.ActiveCfg = Release|Any CPU
		{192C4916-680A-49CA-930F-D363C5A00DEB}.Ad-Hoc|Any CPU.Build.0 = Release|Any CPU
		{192C4916-680A-49CA-930F-D363C5A00DEB}.Ad-Hoc|ARM.ActiveCfg = Release|Any CPU
		{192C4916-680A-49CA-930F-D363C5A00DEB}.Ad-Hoc|ARM.Build.0 = Release|Any CPU
		{192C4916-680A-49CA-930F-D363C5A00DEB}.Ad-Hoc|iPhone.ActiveCfg = Release|Any CPU
		{192C4916-680A-49CA-930F-D363C5A00DEB}.Ad-Hoc|iPhone.Build.0 = Release|Any CPU
		{192C4916-680A-49CA-930F-D363C5A00DEB}.Ad-Hoc|iPhoneSimulator.ActiveCfg = Release|Any CPU
		{192C4916-680A-49CA-930F-D363C5A00DEB}.Ad-Hoc|iPhoneSimulator.Build.0 = Release|Any CPU
		{192C4916-680A-49CA-930F-D363C5A00DEB}.Ad-Hoc|x64.ActiveCfg = Release|Any CPU
		{192C4916-680A-49CA-930F-D363C5A00DEB}.Ad-Hoc|x64.Build.0 = Release|Any CPU
		{192C4916-680A-49CA-930F-D363C5A00DEB}.Ad-Hoc|x86.ActiveCfg = Release|Any CPU
		{192C4916-680A-49CA-930F-D363C5A00DEB}.Ad-Hoc|x86.Build.0 = Release|Any CPU
		{192C4916-680A-49CA-930F-D363C5A00DEB}.AppStore|Any CPU.ActiveCfg = Release|Any CPU
		{192C4916-680A-49CA-930F-D363C5A00DEB}.AppStore|Any CPU.Build.0 = Release|Any CPU
		{192C4916-680A-49CA-930F-D363C5A00DEB}.AppStore|ARM.ActiveCfg = Release|Any CPU
		{192C4916-680A-49CA-930F-D363C5A00DEB}.AppStore|ARM.Build.0 = Release|Any CPU
		{192C4916-680A-49CA-930F-D363C5A00DEB}.AppStore|iPhone.ActiveCfg = Release|Any CPU
		{192C4916-680A-49CA-930F-D363C5A00DEB}.AppStore|iPhone.Build.0 = Release|Any CPU
		{192C4916-680A-49CA-930F-D363C5A00DEB}.AppStore|iPhoneSimulator.ActiveCfg = Release|Any CPU
		{192C4916-680A-49CA-930F-D363C5A00DEB}.AppStore|iPhoneSimulator.Build.0 = Release|Any CPU
		{192C4916-680A-49CA-930F-D363C5A00DEB}.AppStore|x64.ActiveCfg = Release|Any CPU
		{192C4916-680A-49CA-930F-D363C5A00DEB}.AppStore|x64.Build.0 = Release|Any CPU
		{192C4916-680A-49CA-930F-D363C5A00DEB}.AppStore|x86.ActiveCfg = Release|Any CPU
		{192C4916-680A-49CA-930F-D363C5A00DEB}.AppStore|x86.Build.0 = Release|Any CPU
		{192C4916-680A-49CA-930F-D363C5A00DEB}.Debug|Any CPU.ActiveCfg = Debug|Any CPU
		{192C4916-680A-49CA-930F-D363C5A00DEB}.Debug|Any CPU.Build.0 = Debug|Any CPU
		{192C4916-680A-49CA-930F-D363C5A00DEB}.Debug|ARM.ActiveCfg = Debug|Any CPU
		{192C4916-680A-49CA-930F-D363C5A00DEB}.Debug|ARM.Build.0 = Debug|Any CPU
		{192C4916-680A-49CA-930F-D363C5A00DEB}.Debug|iPhone.ActiveCfg = Debug|Any CPU
		{192C4916-680A-49CA-930F-D363C5A00DEB}.Debug|iPhone.Build.0 = Debug|Any CPU
		{192C4916-680A-49CA-930F-D363C5A00DEB}.Debug|iPhoneSimulator.ActiveCfg = Debug|Any CPU
		{192C4916-680A-49CA-930F-D363C5A00DEB}.Debug|iPhoneSimulator.Build.0 = Debug|Any CPU
		{192C4916-680A-49CA-930F-D363C5A00DEB}.Debug|x64.ActiveCfg = Debug|Any CPU
		{192C4916-680A-49CA-930F-D363C5A00DEB}.Debug|x64.Build.0 = Debug|Any CPU
		{192C4916-680A-49CA-930F-D363C5A00DEB}.Debug|x86.ActiveCfg = Debug|Any CPU
		{192C4916-680A-49CA-930F-D363C5A00DEB}.Debug|x86.Build.0 = Debug|Any CPU
		{192C4916-680A-49CA-930F-D363C5A00DEB}.Release|Any CPU.ActiveCfg = Release|Any CPU
		{192C4916-680A-49CA-930F-D363C5A00DEB}.Release|Any CPU.Build.0 = Release|Any CPU
		{192C4916-680A-49CA-930F-D363C5A00DEB}.Release|ARM.ActiveCfg = Release|Any CPU
		{192C4916-680A-49CA-930F-D363C5A00DEB}.Release|ARM.Build.0 = Release|Any CPU
		{192C4916-680A-49CA-930F-D363C5A00DEB}.Release|iPhone.ActiveCfg = Release|Any CPU
		{192C4916-680A-49CA-930F-D363C5A00DEB}.Release|iPhone.Build.0 = Release|Any CPU
		{192C4916-680A-49CA-930F-D363C5A00DEB}.Release|iPhoneSimulator.ActiveCfg = Release|Any CPU
		{192C4916-680A-49CA-930F-D363C5A00DEB}.Release|iPhoneSimulator.Build.0 = Release|Any CPU
		{192C4916-680A-49CA-930F-D363C5A00DEB}.Release|x64.ActiveCfg = Release|Any CPU
		{192C4916-680A-49CA-930F-D363C5A00DEB}.Release|x64.Build.0 = Release|Any CPU
		{192C4916-680A-49CA-930F-D363C5A00DEB}.Release|x86.ActiveCfg = Release|Any CPU
		{192C4916-680A-49CA-930F-D363C5A00DEB}.Release|x86.Build.0 = Release|Any CPU
	EndGlobalSection
	GlobalSection(SolutionProperties) = preSolution
		HideSolutionNode = FALSE
	EndGlobalSection
	GlobalSection(NestedProjects) = preSolution
		{64E9EE8A-B31D-49EB-96F4-6F8FD9154573} = {03EA51F2-AEFA-412D-89FE-683381EC9D13}
		{F555D759-3A0B-4150-92F4-B4E00B359DC0} = {03EA51F2-AEFA-412D-89FE-683381EC9D13}
		{2E58BF81-3ACD-4EDE-BE59-EEC355A3498B} = {03EA51F2-AEFA-412D-89FE-683381EC9D13}
		{A1930A52-63FB-4FDB-8ED8-0C6FB86F51B5} = {03EA51F2-AEFA-412D-89FE-683381EC9D13}
		{AC04D749-8B42-46EE-BF47-73CEAE1137FE} = {98654A3D-1D04-4C21-95AC-3B6C9320C392}
		{AE77FEDA-9210-48FC-AA3E-6746539394FA} = {98654A3D-1D04-4C21-95AC-3B6C9320C392}
		{4F7E2D2E-52E2-4744-9F67-5F328A3035F2} = {98654A3D-1D04-4C21-95AC-3B6C9320C392}
		{2591A81A-BC2D-4770-A69B-5C6E62C6B2EE} = {98654A3D-1D04-4C21-95AC-3B6C9320C392}
		{ACBC3FE1-18E5-4523-880E-F91EC86A5739} = {D970EA9F-0090-4B25-9C56-D675AEDE94AD}
		{116B3ECD-ACCD-4B85-A576-47BEEE6DE6A3} = {D970EA9F-0090-4B25-9C56-D675AEDE94AD}
		{0D156920-1DF5-4B2B-9A01-322FF1C58323} = {D970EA9F-0090-4B25-9C56-D675AEDE94AD}
		{FE56AD1A-E837-495C-889D-1F37C6E63A5B} = {D970EA9F-0090-4B25-9C56-D675AEDE94AD}
		{192C4916-680A-49CA-930F-D363C5A00DEB} = {D970EA9F-0090-4B25-9C56-D675AEDE94AD}
	EndGlobalSection
EndGlobal
